// !$*UTF8*$!
{
	archiveVersion = 1;
	classes = {
	};
	objectVersion = 56;
	objects = {

/* Begin PBXBuildFile section */
		BF12F76F29798B4500DDF1DA /* AppDelegate.swift in Sources */ = {isa = PBXBuildFile; fileRef = BF12F76E29798B4500DDF1DA /* AppDelegate.swift */; };
		BF12F77129798B4500DDF1DA /* SceneDelegate.swift in Sources */ = {isa = PBXBuildFile; fileRef = BF12F77029798B4500DDF1DA /* SceneDelegate.swift */; };
		BF12F77329798B4500DDF1DA /* ImagesListViewController.swift in Sources */ = {isa = PBXBuildFile; fileRef = BF12F77229798B4500DDF1DA /* ImagesListViewController.swift */; };
		BF12F77629798B4500DDF1DA /* Main.storyboard in Resources */ = {isa = PBXBuildFile; fileRef = BF12F77429798B4500DDF1DA /* Main.storyboard */; };
		BF12F77829798B4600DDF1DA /* Assets.xcassets in Resources */ = {isa = PBXBuildFile; fileRef = BF12F77729798B4600DDF1DA /* Assets.xcassets */; };
		BF12F77B29798B4600DDF1DA /* LaunchScreen.storyboard in Resources */ = {isa = PBXBuildFile; fileRef = BF12F77929798B4600DDF1DA /* LaunchScreen.storyboard */; };
		BF12F78629798B4600DDF1DA /* ImageFeedTests.swift in Sources */ = {isa = PBXBuildFile; fileRef = BF12F78529798B4600DDF1DA /* ImageFeedTests.swift */; };
		BF12F79029798B4600DDF1DA /* ImageFeedUITests.swift in Sources */ = {isa = PBXBuildFile; fileRef = BF12F78F29798B4600DDF1DA /* ImageFeedUITests.swift */; };
		BF12F79229798B4600DDF1DA /* ImageFeedUITestsLaunchTests.swift in Sources */ = {isa = PBXBuildFile; fileRef = BF12F79129798B4600DDF1DA /* ImageFeedUITestsLaunchTests.swift */; };
		BF564267299464C00078DD4C /* ImagesListCell.swift in Sources */ = {isa = PBXBuildFile; fileRef = BF564266299464C00078DD4C /* ImagesListCell.swift */; };
		BF9399512996ACEC006115E4 /* ProfileViewController.swift in Sources */ = {isa = PBXBuildFile; fileRef = BF9399502996ACEC006115E4 /* ProfileViewController.swift */; };
		BF93995329995446006115E4 /* SingleImageViewController.swift in Sources */ = {isa = PBXBuildFile; fileRef = BF93995229995446006115E4 /* SingleImageViewController.swift */; };
		BFD90FE92984AE1800889E4D /* UIColors+Extenshions.swift in Sources */ = {isa = PBXBuildFile; fileRef = BFD90FE82984AE1800889E4D /* UIColors+Extenshions.swift */; };
/* End PBXBuildFile section */

/* Begin PBXContainerItemProxy section */
		BF12F78229798B4600DDF1DA /* PBXContainerItemProxy */ = {
			isa = PBXContainerItemProxy;
			containerPortal = BF12F76329798B4500DDF1DA /* Project object */;
			proxyType = 1;
			remoteGlobalIDString = BF12F76A29798B4500DDF1DA;
			remoteInfo = ImageFeed;
		};
		BF12F78C29798B4600DDF1DA /* PBXContainerItemProxy */ = {
			isa = PBXContainerItemProxy;
			containerPortal = BF12F76329798B4500DDF1DA /* Project object */;
			proxyType = 1;
			remoteGlobalIDString = BF12F76A29798B4500DDF1DA;
			remoteInfo = ImageFeed;
		};
/* End PBXContainerItemProxy section */

/* Begin PBXFileReference section */
		BF12F76B29798B4500DDF1DA /* ImageFeed.app */ = {isa = PBXFileReference; explicitFileType = wrapper.application; includeInIndex = 0; path = ImageFeed.app; sourceTree = BUILT_PRODUCTS_DIR; };
		BF12F76E29798B4500DDF1DA /* AppDelegate.swift */ = {isa = PBXFileReference; lastKnownFileType = sourcecode.swift; path = AppDelegate.swift; sourceTree = "<group>"; };
		BF12F77029798B4500DDF1DA /* SceneDelegate.swift */ = {isa = PBXFileReference; lastKnownFileType = sourcecode.swift; path = SceneDelegate.swift; sourceTree = "<group>"; };
		BF12F77229798B4500DDF1DA /* ImagesListViewController.swift */ = {isa = PBXFileReference; lastKnownFileType = sourcecode.swift; path = ImagesListViewController.swift; sourceTree = "<group>"; };
		BF12F77529798B4500DDF1DA /* Base */ = {isa = PBXFileReference; lastKnownFileType = file.storyboard; name = Base; path = Base.lproj/Main.storyboard; sourceTree = "<group>"; };
		BF12F77729798B4600DDF1DA /* Assets.xcassets */ = {isa = PBXFileReference; lastKnownFileType = folder.assetcatalog; path = Assets.xcassets; sourceTree = "<group>"; };
		BF12F77A29798B4600DDF1DA /* Base */ = {isa = PBXFileReference; lastKnownFileType = file.storyboard; name = Base; path = Base.lproj/LaunchScreen.storyboard; sourceTree = "<group>"; };
		BF12F77C29798B4600DDF1DA /* Info.plist */ = {isa = PBXFileReference; lastKnownFileType = text.plist.xml; path = Info.plist; sourceTree = "<group>"; };
		BF12F78129798B4600DDF1DA /* ImageFeedTests.xctest */ = {isa = PBXFileReference; explicitFileType = wrapper.cfbundle; includeInIndex = 0; path = ImageFeedTests.xctest; sourceTree = BUILT_PRODUCTS_DIR; };
		BF12F78529798B4600DDF1DA /* ImageFeedTests.swift */ = {isa = PBXFileReference; lastKnownFileType = sourcecode.swift; path = ImageFeedTests.swift; sourceTree = "<group>"; };
		BF12F78B29798B4600DDF1DA /* ImageFeedUITests.xctest */ = {isa = PBXFileReference; explicitFileType = wrapper.cfbundle; includeInIndex = 0; path = ImageFeedUITests.xctest; sourceTree = BUILT_PRODUCTS_DIR; };
		BF12F78F29798B4600DDF1DA /* ImageFeedUITests.swift */ = {isa = PBXFileReference; lastKnownFileType = sourcecode.swift; path = ImageFeedUITests.swift; sourceTree = "<group>"; };
		BF12F79129798B4600DDF1DA /* ImageFeedUITestsLaunchTests.swift */ = {isa = PBXFileReference; lastKnownFileType = sourcecode.swift; path = ImageFeedUITestsLaunchTests.swift; sourceTree = "<group>"; };
		BF564266299464C00078DD4C /* ImagesListCell.swift */ = {isa = PBXFileReference; lastKnownFileType = sourcecode.swift; path = ImagesListCell.swift; sourceTree = "<group>"; };
		BF9399502996ACEC006115E4 /* ProfileViewController.swift */ = {isa = PBXFileReference; lastKnownFileType = sourcecode.swift; path = ProfileViewController.swift; sourceTree = "<group>"; };
		BF93995229995446006115E4 /* SingleImageViewController.swift */ = {isa = PBXFileReference; lastKnownFileType = sourcecode.swift; path = SingleImageViewController.swift; sourceTree = "<group>"; };
		BFD90FE82984AE1800889E4D /* UIColors+Extenshions.swift */ = {isa = PBXFileReference; lastKnownFileType = sourcecode.swift; path = "UIColors+Extenshions.swift"; sourceTree = "<group>"; };
/* End PBXFileReference section */

/* Begin PBXFrameworksBuildPhase section */
		BF12F76829798B4500DDF1DA /* Frameworks */ = {
			isa = PBXFrameworksBuildPhase;
			buildActionMask = 2147483647;
			files = (
			);
			runOnlyForDeploymentPostprocessing = 0;
		};
		BF12F77E29798B4600DDF1DA /* Frameworks */ = {
			isa = PBXFrameworksBuildPhase;
			buildActionMask = 2147483647;
			files = (
			);
			runOnlyForDeploymentPostprocessing = 0;
		};
		BF12F78829798B4600DDF1DA /* Frameworks */ = {
			isa = PBXFrameworksBuildPhase;
			buildActionMask = 2147483647;
			files = (
			);
			runOnlyForDeploymentPostprocessing = 0;
		};
/* End PBXFrameworksBuildPhase section */

/* Begin PBXGroup section */
		BF12F76229798B4500DDF1DA = {
			isa = PBXGroup;
			children = (
				BF12F76D29798B4500DDF1DA /* ImageFeed */,
				BF12F78429798B4600DDF1DA /* ImageFeedTests */,
				BF12F78E29798B4600DDF1DA /* ImageFeedUITests */,
				BF12F76C29798B4500DDF1DA /* Products */,
			);
			sourceTree = "<group>";
		};
		BF12F76C29798B4500DDF1DA /* Products */ = {
			isa = PBXGroup;
			children = (
				BF12F76B29798B4500DDF1DA /* ImageFeed.app */,
				BF12F78129798B4600DDF1DA /* ImageFeedTests.xctest */,
				BF12F78B29798B4600DDF1DA /* ImageFeedUITests.xctest */,
			);
			name = Products;
			sourceTree = "<group>";
		};
		BF12F76D29798B4500DDF1DA /* ImageFeed */ = {
			isa = PBXGroup;
			children = (
				BF93994F2996ACC2006115E4 /* ProfileView */,
				BF564268299464E90078DD4C /* ImagesList */,
				BFD90FE72984ADC200889E4D /* Helpers */,
				BF936B93297F61B500C2124F /* Presentation */,
				BF936B94297F61C800C2124F /* Resources */,
				BF12F76E29798B4500DDF1DA /* AppDelegate.swift */,
				BF12F77029798B4500DDF1DA /* SceneDelegate.swift */,
			);
			path = ImageFeed;
			sourceTree = "<group>";
		};
		BF12F78429798B4600DDF1DA /* ImageFeedTests */ = {
			isa = PBXGroup;
			children = (
				BF12F78529798B4600DDF1DA /* ImageFeedTests.swift */,
			);
			path = ImageFeedTests;
			sourceTree = "<group>";
		};
		BF12F78E29798B4600DDF1DA /* ImageFeedUITests */ = {
			isa = PBXGroup;
			children = (
				BF12F78F29798B4600DDF1DA /* ImageFeedUITests.swift */,
				BF12F79129798B4600DDF1DA /* ImageFeedUITestsLaunchTests.swift */,
			);
			path = ImageFeedUITests;
			sourceTree = "<group>";
		};
		BF564268299464E90078DD4C /* ImagesList */ = {
			isa = PBXGroup;
			children = (
				BF564266299464C00078DD4C /* ImagesListCell.swift */,
				BF12F77229798B4500DDF1DA /* ImagesListViewController.swift */,
				BF93995229995446006115E4 /* SingleImageViewController.swift */,
			);
			path = ImagesList;
			sourceTree = "<group>";
		};
		BF936B93297F61B500C2124F /* Presentation */ = {
			isa = PBXGroup;
			children = (
				BF12F77429798B4500DDF1DA /* Main.storyboard */,
			);
			path = Presentation;
			sourceTree = "<group>";
		};
		BF936B94297F61C800C2124F /* Resources */ = {
			isa = PBXGroup;
			children = (
				BF12F77729798B4600DDF1DA /* Assets.xcassets */,
				BF12F77929798B4600DDF1DA /* LaunchScreen.storyboard */,
				BF12F77C29798B4600DDF1DA /* Info.plist */,
			);
			path = Resources;
			sourceTree = "<group>";
		};
		BF93994F2996ACC2006115E4 /* ProfileView */ = {
			isa = PBXGroup;
			children = (
				BF9399502996ACEC006115E4 /* ProfileViewController.swift */,
			);
			path = ProfileView;
			sourceTree = "<group>";
		};
		BFD90FE72984ADC200889E4D /* Helpers */ = {
			isa = PBXGroup;
			children = (
				BFD90FE82984AE1800889E4D /* UIColors+Extenshions.swift */,
			);
			path = Helpers;
			sourceTree = "<group>";
		};
/* End PBXGroup section */

/* Begin PBXNativeTarget section */
		BF12F76A29798B4500DDF1DA /* ImageFeed */ = {
			isa = PBXNativeTarget;
			buildConfigurationList = BF12F79529798B4600DDF1DA /* Build configuration list for PBXNativeTarget "ImageFeed" */;
			buildPhases = (
				BF12F76729798B4500DDF1DA /* Sources */,
				BF12F76829798B4500DDF1DA /* Frameworks */,
				BF12F76929798B4500DDF1DA /* Resources */,
				BFD90FE12984271A00889E4D /* ShellScript */,
			);
			buildRules = (
			);
			dependencies = (
			);
			name = ImageFeed;
			productName = ImageFeed;
			productReference = BF12F76B29798B4500DDF1DA /* ImageFeed.app */;
			productType = "com.apple.product-type.application";
		};
		BF12F78029798B4600DDF1DA /* ImageFeedTests */ = {
			isa = PBXNativeTarget;
			buildConfigurationList = BF12F79829798B4600DDF1DA /* Build configuration list for PBXNativeTarget "ImageFeedTests" */;
			buildPhases = (
				BF12F77D29798B4600DDF1DA /* Sources */,
				BF12F77E29798B4600DDF1DA /* Frameworks */,
				BF12F77F29798B4600DDF1DA /* Resources */,
			);
			buildRules = (
			);
			dependencies = (
				BF12F78329798B4600DDF1DA /* PBXTargetDependency */,
			);
			name = ImageFeedTests;
			productName = ImageFeedTests;
			productReference = BF12F78129798B4600DDF1DA /* ImageFeedTests.xctest */;
			productType = "com.apple.product-type.bundle.unit-test";
		};
		BF12F78A29798B4600DDF1DA /* ImageFeedUITests */ = {
			isa = PBXNativeTarget;
			buildConfigurationList = BF12F79B29798B4600DDF1DA /* Build configuration list for PBXNativeTarget "ImageFeedUITests" */;
			buildPhases = (
				BF12F78729798B4600DDF1DA /* Sources */,
				BF12F78829798B4600DDF1DA /* Frameworks */,
				BF12F78929798B4600DDF1DA /* Resources */,
			);
			buildRules = (
			);
			dependencies = (
				BF12F78D29798B4600DDF1DA /* PBXTargetDependency */,
			);
			name = ImageFeedUITests;
			productName = ImageFeedUITests;
			productReference = BF12F78B29798B4600DDF1DA /* ImageFeedUITests.xctest */;
			productType = "com.apple.product-type.bundle.ui-testing";
		};
/* End PBXNativeTarget section */

/* Begin PBXProject section */
		BF12F76329798B4500DDF1DA /* Project object */ = {
			isa = PBXProject;
			attributes = {
				BuildIndependentTargetsInParallel = 1;
				LastSwiftUpdateCheck = 1420;
				LastUpgradeCheck = 1420;
				TargetAttributes = {
					BF12F76A29798B4500DDF1DA = {
						CreatedOnToolsVersion = 14.2;
					};
					BF12F78029798B4600DDF1DA = {
						CreatedOnToolsVersion = 14.2;
						TestTargetID = BF12F76A29798B4500DDF1DA;
					};
					BF12F78A29798B4600DDF1DA = {
						CreatedOnToolsVersion = 14.2;
						TestTargetID = BF12F76A29798B4500DDF1DA;
					};
				};
			};
			buildConfigurationList = BF12F76629798B4500DDF1DA /* Build configuration list for PBXProject "ImageFeed" */;
			compatibilityVersion = "Xcode 14.0";
			developmentRegion = en;
			hasScannedForEncodings = 0;
			knownRegions = (
				en,
				Base,
			);
			mainGroup = BF12F76229798B4500DDF1DA;
			productRefGroup = BF12F76C29798B4500DDF1DA /* Products */;
			projectDirPath = "";
			projectRoot = "";
			targets = (
				BF12F76A29798B4500DDF1DA /* ImageFeed */,
				BF12F78029798B4600DDF1DA /* ImageFeedTests */,
				BF12F78A29798B4600DDF1DA /* ImageFeedUITests */,
			);
		};
/* End PBXProject section */

/* Begin PBXResourcesBuildPhase section */
		BF12F76929798B4500DDF1DA /* Resources */ = {
			isa = PBXResourcesBuildPhase;
			buildActionMask = 2147483647;
			files = (
				BF12F77B29798B4600DDF1DA /* LaunchScreen.storyboard in Resources */,
				BF12F77829798B4600DDF1DA /* Assets.xcassets in Resources */,
				BF12F77629798B4500DDF1DA /* Main.storyboard in Resources */,
			);
			runOnlyForDeploymentPostprocessing = 0;
		};
		BF12F77F29798B4600DDF1DA /* Resources */ = {
			isa = PBXResourcesBuildPhase;
			buildActionMask = 2147483647;
			files = (
			);
			runOnlyForDeploymentPostprocessing = 0;
		};
		BF12F78929798B4600DDF1DA /* Resources */ = {
			isa = PBXResourcesBuildPhase;
			buildActionMask = 2147483647;
			files = (
			);
			runOnlyForDeploymentPostprocessing = 0;
		};
/* End PBXResourcesBuildPhase section */

/* Begin PBXShellScriptBuildPhase section */
		BFD90FE12984271A00889E4D /* ShellScript */ = {
			isa = PBXShellScriptBuildPhase;
			buildActionMask = 2147483647;
			files = (
			);
			inputFileListPaths = (
			);
			inputPaths = (
			);
			outputFileListPaths = (
			);
			outputPaths = (
			);
			runOnlyForDeploymentPostprocessing = 0;
			shellPath = /bin/sh;
			shellScript = "export PATH=\"$PATH:/opt/homebrew/bin\"\nif which swiftlint > /dev/null; then\n  swiftlint\nelse\n  echo \"warning: SwiftLint not installed, download from https://github.com/realm/SwiftLint\"\nfi\n";
		};
/* End PBXShellScriptBuildPhase section */

/* Begin PBXSourcesBuildPhase section */
		BF12F76729798B4500DDF1DA /* Sources */ = {
			isa = PBXSourcesBuildPhase;
			buildActionMask = 2147483647;
			files = (
				BF9399512996ACEC006115E4 /* ProfileViewController.swift in Sources */,
				BFD90FE92984AE1800889E4D /* UIColors+Extenshions.swift in Sources */,
				BF12F77329798B4500DDF1DA /* ImagesListViewController.swift in Sources */,
				BF93995329995446006115E4 /* SingleImageViewController.swift in Sources */,
				BF564267299464C00078DD4C /* ImagesListCell.swift in Sources */,
				BF12F76F29798B4500DDF1DA /* AppDelegate.swift in Sources */,
				BF12F77129798B4500DDF1DA /* SceneDelegate.swift in Sources */,
			);
			runOnlyForDeploymentPostprocessing = 0;
		};
		BF12F77D29798B4600DDF1DA /* Sources */ = {
			isa = PBXSourcesBuildPhase;
			buildActionMask = 2147483647;
			files = (
				BF12F78629798B4600DDF1DA /* ImageFeedTests.swift in Sources */,
			);
			runOnlyForDeploymentPostprocessing = 0;
		};
		BF12F78729798B4600DDF1DA /* Sources */ = {
			isa = PBXSourcesBuildPhase;
			buildActionMask = 2147483647;
			files = (
				BF12F79229798B4600DDF1DA /* ImageFeedUITestsLaunchTests.swift in Sources */,
				BF12F79029798B4600DDF1DA /* ImageFeedUITests.swift in Sources */,
			);
			runOnlyForDeploymentPostprocessing = 0;
		};
/* End PBXSourcesBuildPhase section */

/* Begin PBXTargetDependency section */
		BF12F78329798B4600DDF1DA /* PBXTargetDependency */ = {
			isa = PBXTargetDependency;
			target = BF12F76A29798B4500DDF1DA /* ImageFeed */;
			targetProxy = BF12F78229798B4600DDF1DA /* PBXContainerItemProxy */;
		};
		BF12F78D29798B4600DDF1DA /* PBXTargetDependency */ = {
			isa = PBXTargetDependency;
			target = BF12F76A29798B4500DDF1DA /* ImageFeed */;
			targetProxy = BF12F78C29798B4600DDF1DA /* PBXContainerItemProxy */;
		};
/* End PBXTargetDependency section */

/* Begin PBXVariantGroup section */
		BF12F77429798B4500DDF1DA /* Main.storyboard */ = {
			isa = PBXVariantGroup;
			children = (
				BF12F77529798B4500DDF1DA /* Base */,
			);
			name = Main.storyboard;
			sourceTree = "<group>";
		};
		BF12F77929798B4600DDF1DA /* LaunchScreen.storyboard */ = {
			isa = PBXVariantGroup;
			children = (
				BF12F77A29798B4600DDF1DA /* Base */,
			);
			name = LaunchScreen.storyboard;
			sourceTree = "<group>";
		};
/* End PBXVariantGroup section */

/* Begin XCBuildConfiguration section */
		BF12F79329798B4600DDF1DA /* Debug */ = {
			isa = XCBuildConfiguration;
			buildSettings = {
				ALWAYS_SEARCH_USER_PATHS = NO;
				CLANG_ANALYZER_NONNULL = YES;
				CLANG_ANALYZER_NUMBER_OBJECT_CONVERSION = YES_AGGRESSIVE;
				CLANG_CXX_LANGUAGE_STANDARD = "gnu++20";
				CLANG_ENABLE_MODULES = YES;
				CLANG_ENABLE_OBJC_ARC = YES;
				CLANG_ENABLE_OBJC_WEAK = YES;
				CLANG_WARN_BLOCK_CAPTURE_AUTORELEASING = YES;
				CLANG_WARN_BOOL_CONVERSION = YES;
				CLANG_WARN_COMMA = YES;
				CLANG_WARN_CONSTANT_CONVERSION = YES;
				CLANG_WARN_DEPRECATED_OBJC_IMPLEMENTATIONS = YES;
				CLANG_WARN_DIRECT_OBJC_ISA_USAGE = YES_ERROR;
				CLANG_WARN_DOCUMENTATION_COMMENTS = YES;
				CLANG_WARN_EMPTY_BODY = YES;
				CLANG_WARN_ENUM_CONVERSION = YES;
				CLANG_WARN_INFINITE_RECURSION = YES;
				CLANG_WARN_INT_CONVERSION = YES;
				CLANG_WARN_NON_LITERAL_NULL_CONVERSION = YES;
				CLANG_WARN_OBJC_IMPLICIT_RETAIN_SELF = YES;
				CLANG_WARN_OBJC_LITERAL_CONVERSION = YES;
				CLANG_WARN_OBJC_ROOT_CLASS = YES_ERROR;
				CLANG_WARN_QUOTED_INCLUDE_IN_FRAMEWORK_HEADER = YES;
				CLANG_WARN_RANGE_LOOP_ANALYSIS = YES;
				CLANG_WARN_STRICT_PROTOTYPES = YES;
				CLANG_WARN_SUSPICIOUS_MOVE = YES;
				CLANG_WARN_UNGUARDED_AVAILABILITY = YES_AGGRESSIVE;
				CLANG_WARN_UNREACHABLE_CODE = YES;
				CLANG_WARN__DUPLICATE_METHOD_MATCH = YES;
				COPY_PHASE_STRIP = NO;
				DEBUG_INFORMATION_FORMAT = dwarf;
				ENABLE_STRICT_OBJC_MSGSEND = YES;
				ENABLE_TESTABILITY = YES;
				GCC_C_LANGUAGE_STANDARD = gnu11;
				GCC_DYNAMIC_NO_PIC = NO;
				GCC_NO_COMMON_BLOCKS = YES;
				GCC_OPTIMIZATION_LEVEL = 0;
				GCC_PREPROCESSOR_DEFINITIONS = (
					"DEBUG=1",
					"$(inherited)",
				);
				GCC_WARN_64_TO_32_BIT_CONVERSION = YES;
				GCC_WARN_ABOUT_RETURN_TYPE = YES_ERROR;
				GCC_WARN_UNDECLARED_SELECTOR = YES;
				GCC_WARN_UNINITIALIZED_AUTOS = YES_AGGRESSIVE;
				GCC_WARN_UNUSED_FUNCTION = YES;
				GCC_WARN_UNUSED_VARIABLE = YES;
				IPHONEOS_DEPLOYMENT_TARGET = 13.0;
				MTL_ENABLE_DEBUG_INFO = INCLUDE_SOURCE;
				MTL_FAST_MATH = YES;
				ONLY_ACTIVE_ARCH = YES;
				SDKROOT = iphoneos;
				SWIFT_ACTIVE_COMPILATION_CONDITIONS = DEBUG;
				SWIFT_OPTIMIZATION_LEVEL = "-Onone";
			};
			name = Debug;
		};
		BF12F79429798B4600DDF1DA /* Release */ = {
			isa = XCBuildConfiguration;
			buildSettings = {
				ALWAYS_SEARCH_USER_PATHS = NO;
				CLANG_ANALYZER_NONNULL = YES;
				CLANG_ANALYZER_NUMBER_OBJECT_CONVERSION = YES_AGGRESSIVE;
				CLANG_CXX_LANGUAGE_STANDARD = "gnu++20";
				CLANG_ENABLE_MODULES = YES;
				CLANG_ENABLE_OBJC_ARC = YES;
				CLANG_ENABLE_OBJC_WEAK = YES;
				CLANG_WARN_BLOCK_CAPTURE_AUTORELEASING = YES;
				CLANG_WARN_BOOL_CONVERSION = YES;
				CLANG_WARN_COMMA = YES;
				CLANG_WARN_CONSTANT_CONVERSION = YES;
				CLANG_WARN_DEPRECATED_OBJC_IMPLEMENTATIONS = YES;
				CLANG_WARN_DIRECT_OBJC_ISA_USAGE = YES_ERROR;
				CLANG_WARN_DOCUMENTATION_COMMENTS = YES;
				CLANG_WARN_EMPTY_BODY = YES;
				CLANG_WARN_ENUM_CONVERSION = YES;
				CLANG_WARN_INFINITE_RECURSION = YES;
				CLANG_WARN_INT_CONVERSION = YES;
				CLANG_WARN_NON_LITERAL_NULL_CONVERSION = YES;
				CLANG_WARN_OBJC_IMPLICIT_RETAIN_SELF = YES;
				CLANG_WARN_OBJC_LITERAL_CONVERSION = YES;
				CLANG_WARN_OBJC_ROOT_CLASS = YES_ERROR;
				CLANG_WARN_QUOTED_INCLUDE_IN_FRAMEWORK_HEADER = YES;
				CLANG_WARN_RANGE_LOOP_ANALYSIS = YES;
				CLANG_WARN_STRICT_PROTOTYPES = YES;
				CLANG_WARN_SUSPICIOUS_MOVE = YES;
				CLANG_WARN_UNGUARDED_AVAILABILITY = YES_AGGRESSIVE;
				CLANG_WARN_UNREACHABLE_CODE = YES;
				CLANG_WARN__DUPLICATE_METHOD_MATCH = YES;
				COPY_PHASE_STRIP = NO;
				DEBUG_INFORMATION_FORMAT = "dwarf-with-dsym";
				ENABLE_NS_ASSERTIONS = NO;
				ENABLE_STRICT_OBJC_MSGSEND = YES;
				GCC_C_LANGUAGE_STANDARD = gnu11;
				GCC_NO_COMMON_BLOCKS = YES;
				GCC_WARN_64_TO_32_BIT_CONVERSION = YES;
				GCC_WARN_ABOUT_RETURN_TYPE = YES_ERROR;
				GCC_WARN_UNDECLARED_SELECTOR = YES;
				GCC_WARN_UNINITIALIZED_AUTOS = YES_AGGRESSIVE;
				GCC_WARN_UNUSED_FUNCTION = YES;
				GCC_WARN_UNUSED_VARIABLE = YES;
				IPHONEOS_DEPLOYMENT_TARGET = 13.0;
				MTL_ENABLE_DEBUG_INFO = NO;
				MTL_FAST_MATH = YES;
				SDKROOT = iphoneos;
				SWIFT_COMPILATION_MODE = wholemodule;
				SWIFT_OPTIMIZATION_LEVEL = "-O";
				VALIDATE_PRODUCT = YES;
			};
			name = Release;
		};
		BF12F79629798B4600DDF1DA /* Debug */ = {
			isa = XCBuildConfiguration;
			buildSettings = {
				ASSETCATALOG_COMPILER_APPICON_NAME = AppIcon;
				ASSETCATALOG_COMPILER_GLOBAL_ACCENT_COLOR_NAME = AccentColor;
				CODE_SIGN_STYLE = Automatic;
				CURRENT_PROJECT_VERSION = 1;
				DEVELOPMENT_TEAM = L3YSM8C354;
				GENERATE_INFOPLIST_FILE = YES;
				INFOPLIST_FILE = ImageFeed/Resources/Info.plist;
				INFOPLIST_KEY_UIApplicationSupportsIndirectInputEvents = YES;
				INFOPLIST_KEY_UILaunchStoryboardName = LaunchScreen;
				INFOPLIST_KEY_UIMainStoryboardFile = Main;
				INFOPLIST_KEY_UISupportedInterfaceOrientations = UIInterfaceOrientationPortrait;
				INFOPLIST_KEY_UISupportedInterfaceOrientations_iPad = UIInterfaceOrientationPortrait;
				IPHONEOS_DEPLOYMENT_TARGET = 13.0;
				LD_RUNPATH_SEARCH_PATHS = (
					"$(inherited)",
					"@executable_path/Frameworks",
				);
				MARKETING_VERSION = 1.0;
				PRODUCT_BUNDLE_IDENTIFIER = ru.Denis.Beliakov.practicum.ImageFeed;
				PRODUCT_NAME = "$(TARGET_NAME)";
				SUPPORTED_PLATFORMS = "iphoneos iphonesimulator";
				SUPPORTS_MACCATALYST = NO;
				SUPPORTS_MAC_DESIGNED_FOR_IPHONE_IPAD = NO;
				SWIFT_EMIT_LOC_STRINGS = YES;
				SWIFT_VERSION = 5.0;
				TARGETED_DEVICE_FAMILY = 1;
			};
			name = Debug;
		};
		BF12F79729798B4600DDF1DA /* Release */ = {
			isa = XCBuildConfiguration;
			buildSettings = {
				ASSETCATALOG_COMPILER_APPICON_NAME = AppIcon;
				ASSETCATALOG_COMPILER_GLOBAL_ACCENT_COLOR_NAME = AccentColor;
				CODE_SIGN_STYLE = Automatic;
				CURRENT_PROJECT_VERSION = 1;
				DEVELOPMENT_TEAM = L3YSM8C354;
				GENERATE_INFOPLIST_FILE = YES;
				INFOPLIST_FILE = ImageFeed/Resources/Info.plist;
				INFOPLIST_KEY_UIApplicationSupportsIndirectInputEvents = YES;
				INFOPLIST_KEY_UILaunchStoryboardName = LaunchScreen;
				INFOPLIST_KEY_UIMainStoryboardFile = Main;
				INFOPLIST_KEY_UISupportedInterfaceOrientations = UIInterfaceOrientationPortrait;
				INFOPLIST_KEY_UISupportedInterfaceOrientations_iPad = UIInterfaceOrientationPortrait;
				IPHONEOS_DEPLOYMENT_TARGET = 13.0;
				LD_RUNPATH_SEARCH_PATHS = (
					"$(inherited)",
					"@executable_path/Frameworks",
				);
				MARKETING_VERSION = 1.0;
				PRODUCT_BUNDLE_IDENTIFIER = ru.Denis.Beliakov.practicum.ImageFeed;
				PRODUCT_NAME = "$(TARGET_NAME)";
				SUPPORTED_PLATFORMS = "iphoneos iphonesimulator";
				SUPPORTS_MACCATALYST = NO;
				SUPPORTS_MAC_DESIGNED_FOR_IPHONE_IPAD = NO;
				SWIFT_EMIT_LOC_STRINGS = YES;
				SWIFT_VERSION = 5.0;
				TARGETED_DEVICE_FAMILY = 1;
			};
			name = Release;
		};
		BF12F79929798B4600DDF1DA /* Debug */ = {
			isa = XCBuildConfiguration;
			buildSettings = {
				ALWAYS_EMBED_SWIFT_STANDARD_LIBRARIES = YES;
				BUNDLE_LOADER = "$(TEST_HOST)";
				CODE_SIGN_STYLE = Automatic;
				CURRENT_PROJECT_VERSION = 1;
				DEVELOPMENT_TEAM = L3YSM8C354;
				GENERATE_INFOPLIST_FILE = YES;
				IPHONEOS_DEPLOYMENT_TARGET = 16.2;
				MARKETING_VERSION = 1.0;
				PRODUCT_BUNDLE_IDENTIFIER = ru.Denis.Beliakov.practicum.ImageFeedTests;
				PRODUCT_NAME = "$(TARGET_NAME)";
				SUPPORTED_PLATFORMS = "iphoneos iphonesimulator";
				SUPPORTS_MACCATALYST = NO;
				SUPPORTS_MAC_DESIGNED_FOR_IPHONE_IPAD = NO;
				SWIFT_EMIT_LOC_STRINGS = NO;
				SWIFT_VERSION = 5.0;
				TARGETED_DEVICE_FAMILY = 1;
				TEST_HOST = "$(BUILT_PRODUCTS_DIR)/ImageFeed.app/$(BUNDLE_EXECUTABLE_FOLDER_PATH)/ImageFeed";
			};
			name = Debug;
		};
		BF12F79A29798B4600DDF1DA /* Release */ = {
			isa = XCBuildConfiguration;
			buildSettings = {
				ALWAYS_EMBED_SWIFT_STANDARD_LIBRARIES = YES;
				BUNDLE_LOADER = "$(TEST_HOST)";
				CODE_SIGN_STYLE = Automatic;
				CURRENT_PROJECT_VERSION = 1;
				DEVELOPMENT_TEAM = L3YSM8C354;
				GENERATE_INFOPLIST_FILE = YES;
				IPHONEOS_DEPLOYMENT_TARGET = 16.2;
				MARKETING_VERSION = 1.0;
				PRODUCT_BUNDLE_IDENTIFIER = ru.Denis.Beliakov.practicum.ImageFeedTests;
				PRODUCT_NAME = "$(TARGET_NAME)";
				SUPPORTED_PLATFORMS = "iphoneos iphonesimulator";
				SUPPORTS_MACCATALYST = NO;
				SUPPORTS_MAC_DESIGNED_FOR_IPHONE_IPAD = NO;
				SWIFT_EMIT_LOC_STRINGS = NO;
				SWIFT_VERSION = 5.0;
				TARGETED_DEVICE_FAMILY = 1;
				TEST_HOST = "$(BUILT_PRODUCTS_DIR)/ImageFeed.app/$(BUNDLE_EXECUTABLE_FOLDER_PATH)/ImageFeed";
			};
			name = Release;
		};
		BF12F79C29798B4600DDF1DA /* Debug */ = {
			isa = XCBuildConfiguration;
			buildSettings = {
				ALWAYS_EMBED_SWIFT_STANDARD_LIBRARIES = YES;
				CODE_SIGN_STYLE = Automatic;
				CURRENT_PROJECT_VERSION = 1;
				DEVELOPMENT_TEAM = L3YSM8C354;
				GENERATE_INFOPLIST_FILE = YES;
				MARKETING_VERSION = 1.0;
				PRODUCT_BUNDLE_IDENTIFIER = ru.Denis.Beliakov.practicum.ImageFeedUITests;
				PRODUCT_NAME = "$(TARGET_NAME)";
				SUPPORTED_PLATFORMS = "iphoneos iphonesimulator";
				SUPPORTS_MACCATALYST = NO;
				SUPPORTS_MAC_DESIGNED_FOR_IPHONE_IPAD = NO;
				SWIFT_EMIT_LOC_STRINGS = NO;
				SWIFT_VERSION = 5.0;
				TARGETED_DEVICE_FAMILY = 1;
				TEST_TARGET_NAME = ImageFeed;
			};
			name = Debug;
		};
		BF12F79D29798B4600DDF1DA /* Release */ = {
			isa = XCBuildConfiguration;
			buildSettings = {
				ALWAYS_EMBED_SWIFT_STANDARD_LIBRARIES = YES;
				CODE_SIGN_STYLE = Automatic;
				CURRENT_PROJECT_VERSION = 1;
				DEVELOPMENT_TEAM = L3YSM8C354;
				GENERATE_INFOPLIST_FILE = YES;
				MARKETING_VERSION = 1.0;
				PRODUCT_BUNDLE_IDENTIFIER = ru.Denis.Beliakov.practicum.ImageFeedUITests;
				PRODUCT_NAME = "$(TARGET_NAME)";
				SUPPORTED_PLATFORMS = "iphoneos iphonesimulator";
				SUPPORTS_MACCATALYST = NO;
				SUPPORTS_MAC_DESIGNED_FOR_IPHONE_IPAD = NO;
				SWIFT_EMIT_LOC_STRINGS = NO;
				SWIFT_VERSION = 5.0;
				TARGETED_DEVICE_FAMILY = 1;
				TEST_TARGET_NAME = ImageFeed;
			};
			name = Release;
		};
/* End XCBuildConfiguration section */

/* Begin XCConfigurationList section */
		BF12F76629798B4500DDF1DA /* Build configuration list for PBXProject "ImageFeed" */ = {
			isa = XCConfigurationList;
			buildConfigurations = (
				BF12F79329798B4600DDF1DA /* Debug */,
				BF12F79429798B4600DDF1DA /* Release */,
			);
			defaultConfigurationIsVisible = 0;
			defaultConfigurationName = Release;
		};
		BF12F79529798B4600DDF1DA /* Build configuration list for PBXNativeTarget "ImageFeed" */ = {
			isa = XCConfigurationList;
			buildConfigurations = (
				BF12F79629798B4600DDF1DA /* Debug */,
				BF12F79729798B4600DDF1DA /* Release */,
			);
			defaultConfigurationIsVisible = 0;
			defaultConfigurationName = Release;
		};
		BF12F79829798B4600DDF1DA /* Build configuration list for PBXNativeTarget "ImageFeedTests" */ = {
			isa = XCConfigurationList;
			buildConfigurations = (
				BF12F79929798B4600DDF1DA /* Debug */,
				BF12F79A29798B4600DDF1DA /* Release */,
			);
			defaultConfigurationIsVisible = 0;
			defaultConfigurationName = Release;
		};
		BF12F79B29798B4600DDF1DA /* Build configuration list for PBXNativeTarget "ImageFeedUITests" */ = {
			isa = XCConfigurationList;
			buildConfigurations = (
				BF12F79C29798B4600DDF1DA /* Debug */,
				BF12F79D29798B4600DDF1DA /* Release */,
			);
			defaultConfigurationIsVisible = 0;
			defaultConfigurationName = Release;
		};
/* End XCConfigurationList section */
	};
	rootObject = BF12F76329798B4500DDF1DA /* Project object */;
}
