// !$*UTF8*$!
{
	archiveVersion = 1;
	classes = {
	};
	objectVersion = 56;
	objects = {

/* Begin PBXBuildFile section */
		BF10AD8229AE4F34003765F2 /* WebViewViewController.swift in Sources */ = {isa = PBXBuildFile; fileRef = BF10AD8129AE4F34003765F2 /* WebViewViewController.swift */; };
		BF12F76F29798B4500DDF1DA /* AppDelegate.swift in Sources */ = {isa = PBXBuildFile; fileRef = BF12F76E29798B4500DDF1DA /* AppDelegate.swift */; };
		BF12F77129798B4500DDF1DA /* SceneDelegate.swift in Sources */ = {isa = PBXBuildFile; fileRef = BF12F77029798B4500DDF1DA /* SceneDelegate.swift */; };
		BF12F77329798B4500DDF1DA /* ImagesListViewController.swift in Sources */ = {isa = PBXBuildFile; fileRef = BF12F77229798B4500DDF1DA /* ImagesListViewController.swift */; };
		BF12F77629798B4500DDF1DA /* Main.storyboard in Resources */ = {isa = PBXBuildFile; fileRef = BF12F77429798B4500DDF1DA /* Main.storyboard */; };
		BF12F77829798B4600DDF1DA /* Assets.xcassets in Resources */ = {isa = PBXBuildFile; fileRef = BF12F77729798B4600DDF1DA /* Assets.xcassets */; };
		BF12F77B29798B4600DDF1DA /* LaunchScreen.storyboard in Resources */ = {isa = PBXBuildFile; fileRef = BF12F77929798B4600DDF1DA /* LaunchScreen.storyboard */; };
		BF12F79029798B4600DDF1DA /* ImageFeedUITests.swift in Sources */ = {isa = PBXBuildFile; fileRef = BF12F78F29798B4600DDF1DA /* ImageFeedUITests.swift */; };
		BF12F79229798B4600DDF1DA /* ImageFeedUITestsLaunchTests.swift in Sources */ = {isa = PBXBuildFile; fileRef = BF12F79129798B4600DDF1DA /* ImageFeedUITestsLaunchTests.swift */; };
		BF2768FD2A37D3F000FEC62A /* Like.swift in Sources */ = {isa = PBXBuildFile; fileRef = BF2768FC2A37D3F000FEC62A /* Like.swift */; };
		BF2769012A37D74A00FEC62A /* ImageListPresenter.swift in Sources */ = {isa = PBXBuildFile; fileRef = BF2769002A37D74A00FEC62A /* ImageListPresenter.swift */; };
		BF2769032A387F4F00FEC62A /* ImageListViewControllerProtocol.swift in Sources */ = {isa = PBXBuildFile; fileRef = BF2769022A387F4F00FEC62A /* ImageListViewControllerProtocol.swift */; };
		BF2769052A387F9A00FEC62A /* ImageListCellProtocol.swift in Sources */ = {isa = PBXBuildFile; fileRef = BF2769042A387F9A00FEC62A /* ImageListCellProtocol.swift */; };
		BF2CDF972A19B35000C70E44 /* NetworkClient.swift in Sources */ = {isa = PBXBuildFile; fileRef = BF2CDF962A19B35000C70E44 /* NetworkClient.swift */; };
		BF2CDFA12A19CDD100C70E44 /* WebViewPresenter.swift in Sources */ = {isa = PBXBuildFile; fileRef = BF2CDFA02A19CDD100C70E44 /* WebViewPresenter.swift */; };
		BF2CDFA32A19CE0100C70E44 /* AuthHelper.swift in Sources */ = {isa = PBXBuildFile; fileRef = BF2CDFA22A19CE0100C70E44 /* AuthHelper.swift */; };
		BF2CDFA52A19CE4900C70E44 /* AuthConstants.swift in Sources */ = {isa = PBXBuildFile; fileRef = BF2CDFA42A19CE4900C70E44 /* AuthConstants.swift */; };
		BF2CDFA72A19DAA000C70E44 /* ProfileImageService.swift in Sources */ = {isa = PBXBuildFile; fileRef = BF2CDFA62A19DAA000C70E44 /* ProfileImageService.swift */; };
		BF2CDFA92A19DCAD00C70E44 /* ProfilePresenter.swift in Sources */ = {isa = PBXBuildFile; fileRef = BF2CDFA82A19DCAD00C70E44 /* ProfilePresenter.swift */; };
		BF2CDFAB2A19E49E00C70E44 /* TabBarController.swift in Sources */ = {isa = PBXBuildFile; fileRef = BF2CDFAA2A19E49E00C70E44 /* TabBarController.swift */; };
		BF2CDFAD2A19F95600C70E44 /* Profile.swift in Sources */ = {isa = PBXBuildFile; fileRef = BF2CDFAC2A19F95600C70E44 /* Profile.swift */; };
		BF2CDFAF2A19F9A000C70E44 /* Photo.swift in Sources */ = {isa = PBXBuildFile; fileRef = BF2CDFAE2A19F9A000C70E44 /* Photo.swift */; };
		BF2CDFB12A19F9D700C70E44 /* URLs.swift in Sources */ = {isa = PBXBuildFile; fileRef = BF2CDFB02A19F9D700C70E44 /* URLs.swift */; };
		BF3D981129BD3093001CA353 /* ProgressHUD in Frameworks */ = {isa = PBXBuildFile; productRef = BF3D981029BD3093001CA353 /* ProgressHUD */; };
		BF564267299464C00078DD4C /* ImagesListCell.swift in Sources */ = {isa = PBXBuildFile; fileRef = BF564266299464C00078DD4C /* ImagesListCell.swift */; };
		BF60617229B3F2E000070B98 /* OAuth2Service.swift in Sources */ = {isa = PBXBuildFile; fileRef = BF60617129B3F2E000070B98 /* OAuth2Service.swift */; };
		BF60617429B3F4CC00070B98 /* OAuth2TokenStorage.swift in Sources */ = {isa = PBXBuildFile; fileRef = BF60617329B3F4CC00070B98 /* OAuth2TokenStorage.swift */; };
		BF6AFD662A3FB5CF0086C7E8 /* ProfileTests.swift in Sources */ = {isa = PBXBuildFile; fileRef = BF6AFD652A3FB5CF0086C7E8 /* ProfileTests.swift */; };
		BF6AFD682A3FB5F80086C7E8 /* ProfileViewControllerSpy.swift in Sources */ = {isa = PBXBuildFile; fileRef = BF6AFD672A3FB5F80086C7E8 /* ProfileViewControllerSpy.swift */; };
		BF6AFD6A2A3FB61F0086C7E8 /* ProfilePresenterSpy.swift in Sources */ = {isa = PBXBuildFile; fileRef = BF6AFD692A3FB61F0086C7E8 /* ProfilePresenterSpy.swift */; };
		BF6AFD722A3FC32F0086C7E8 /* AuthViewControllerDelegateProtocol.swift in Sources */ = {isa = PBXBuildFile; fileRef = BF6AFD712A3FC32F0086C7E8 /* AuthViewControllerDelegateProtocol.swift */; };
		BF8656852A3FCDBD009B0EF5 /* Auth.swift in Sources */ = {isa = PBXBuildFile; fileRef = BF8656842A3FCDBD009B0EF5 /* Auth.swift */; };
		BF8656882A3FCF51009B0EF5 /* ImageListTests.swift in Sources */ = {isa = PBXBuildFile; fileRef = BF8656872A3FCF51009B0EF5 /* ImageListTests.swift */; };
		BF86568A2A3FCF99009B0EF5 /* ImageListViewControllerSpy.swift in Sources */ = {isa = PBXBuildFile; fileRef = BF8656892A3FCF99009B0EF5 /* ImageListViewControllerSpy.swift */; };
		BF86568C2A3FD005009B0EF5 /* ImageListPresenterSpy.swift in Sources */ = {isa = PBXBuildFile; fileRef = BF86568B2A3FD005009B0EF5 /* ImageListPresenterSpy.swift */; };
		BF86568F2A3FD149009B0EF5 /* WebViewTests.swift in Sources */ = {isa = PBXBuildFile; fileRef = BF86568E2A3FD149009B0EF5 /* WebViewTests.swift */; };
		BF8656912A3FD16F009B0EF5 /* WebViewPresenterSpy.swift in Sources */ = {isa = PBXBuildFile; fileRef = BF8656902A3FD16F009B0EF5 /* WebViewPresenterSpy.swift */; };
		BF8656932A3FD19C009B0EF5 /* WebViewViewControllerSpy.swift in Sources */ = {isa = PBXBuildFile; fileRef = BF8656922A3FD19C009B0EF5 /* WebViewViewControllerSpy.swift */; };
		BF8656952A3FE19A009B0EF5 /* ProfileTestConstants.swift in Sources */ = {isa = PBXBuildFile; fileRef = BF8656942A3FE19A009B0EF5 /* ProfileTestConstants.swift */; };
		BF8656972A40E74C009B0EF5 /* WebViewViewControllerProtocol.swift in Sources */ = {isa = PBXBuildFile; fileRef = BF8656962A40E74C009B0EF5 /* WebViewViewControllerProtocol.swift */; };
		BF9399512996ACEC006115E4 /* ProfileViewController.swift in Sources */ = {isa = PBXBuildFile; fileRef = BF9399502996ACEC006115E4 /* ProfileViewController.swift */; };
		BF93995329995446006115E4 /* SingleImageViewController.swift in Sources */ = {isa = PBXBuildFile; fileRef = BF93995229995446006115E4 /* SingleImageViewController.swift */; };
		BF97447229AE487300BB09DB /* AuthViewController.swift in Sources */ = {isa = PBXBuildFile; fileRef = BF97447129AE487300BB09DB /* AuthViewController.swift */; };
		BFA5DF582A388857000C3073 /* ProfileViewControllerProtocol.swift in Sources */ = {isa = PBXBuildFile; fileRef = BFA5DF572A388857000C3073 /* ProfileViewControllerProtocol.swift */; };
		BFA5DF5A2A3888A9000C3073 /* ProfilePresenterProtocol.swift in Sources */ = {isa = PBXBuildFile; fileRef = BFA5DF592A3888A9000C3073 /* ProfilePresenterProtocol.swift */; };
		BFA5DF5C2A388DF7000C3073 /* ImageListPresenterProtocol.swift in Sources */ = {isa = PBXBuildFile; fileRef = BFA5DF5B2A388DF7000C3073 /* ImageListPresenterProtocol.swift */; };
		BFC245A629BD32A50055646C /* ProfileService.swift in Sources */ = {isa = PBXBuildFile; fileRef = BFC245A529BD32A50055646C /* ProfileService.swift */; };
		BFC245A829BE73F50055646C /* UIBlockingProgressHUD.swift in Sources */ = {isa = PBXBuildFile; fileRef = BFC245A729BE73F50055646C /* UIBlockingProgressHUD.swift */; };
		BFC245AB29BE84220055646C /* Kingfisher in Frameworks */ = {isa = PBXBuildFile; productRef = BFC245AA29BE84220055646C /* Kingfisher */; };
		BFC3CCBF29B41392008D0733 /* SplashViewController.swift in Sources */ = {isa = PBXBuildFile; fileRef = BFC3CCBE29B41392008D0733 /* SplashViewController.swift */; };
		BFD90FE92984AE1800889E4D /* UIColors+Extenshions.swift in Sources */ = {isa = PBXBuildFile; fileRef = BFD90FE82984AE1800889E4D /* UIColors+Extenshions.swift */; };
		BFD9EA672A1D2D6D008386E6 /* ImagesListService.swift in Sources */ = {isa = PBXBuildFile; fileRef = BFD9EA662A1D2D6D008386E6 /* ImagesListService.swift */; };
		BFDCA48629EDEECB00B59411 /* YSDisplay-Bold.ttf in Resources */ = {isa = PBXBuildFile; fileRef = BFDCA48529EDEECB00B59411 /* YSDisplay-Bold.ttf */; };
		BFDCA48829EDEEDF00B59411 /* YSDisplay-Medium.ttf in Resources */ = {isa = PBXBuildFile; fileRef = BFDCA48729EDEEDF00B59411 /* YSDisplay-Medium.ttf */; };
		BFDCA48A29EDEEEB00B59411 /* YSDisplay-Regular.ttf in Resources */ = {isa = PBXBuildFile; fileRef = BFDCA48929EDEEEB00B59411 /* YSDisplay-Regular.ttf */; };
		BFDCA49329EDFAC700B59411 /* SwiftKeychainWrapper in Frameworks */ = {isa = PBXBuildFile; productRef = BFDCA49229EDFAC700B59411 /* SwiftKeychainWrapper */; };
/* End PBXBuildFile section */

/* Begin PBXContainerItemProxy section */
		BF12F78229798B4600DDF1DA /* PBXContainerItemProxy */ = {
			isa = PBXContainerItemProxy;
			containerPortal = BF12F76329798B4500DDF1DA /* Project object */;
			proxyType = 1;
			remoteGlobalIDString = BF12F76A29798B4500DDF1DA;
			remoteInfo = ImageFeed;
		};
		BF12F78C29798B4600DDF1DA /* PBXContainerItemProxy */ = {
			isa = PBXContainerItemProxy;
			containerPortal = BF12F76329798B4500DDF1DA /* Project object */;
			proxyType = 1;
			remoteGlobalIDString = BF12F76A29798B4500DDF1DA;
			remoteInfo = ImageFeed;
		};
/* End PBXContainerItemProxy section */

/* Begin PBXFileReference section */
		BF10AD8129AE4F34003765F2 /* WebViewViewController.swift */ = {isa = PBXFileReference; lastKnownFileType = sourcecode.swift; path = WebViewViewController.swift; sourceTree = "<group>"; };
		BF12F76B29798B4500DDF1DA /* ImageFeed.app */ = {isa = PBXFileReference; explicitFileType = wrapper.application; includeInIndex = 0; path = ImageFeed.app; sourceTree = BUILT_PRODUCTS_DIR; };
		BF12F76E29798B4500DDF1DA /* AppDelegate.swift */ = {isa = PBXFileReference; lastKnownFileType = sourcecode.swift; path = AppDelegate.swift; sourceTree = "<group>"; };
		BF12F77029798B4500DDF1DA /* SceneDelegate.swift */ = {isa = PBXFileReference; lastKnownFileType = sourcecode.swift; path = SceneDelegate.swift; sourceTree = "<group>"; };
		BF12F77229798B4500DDF1DA /* ImagesListViewController.swift */ = {isa = PBXFileReference; lastKnownFileType = sourcecode.swift; path = ImagesListViewController.swift; sourceTree = "<group>"; };
		BF12F77529798B4500DDF1DA /* Base */ = {isa = PBXFileReference; lastKnownFileType = file.storyboard; name = Base; path = Base.lproj/Main.storyboard; sourceTree = "<group>"; };
		BF12F77729798B4600DDF1DA /* Assets.xcassets */ = {isa = PBXFileReference; lastKnownFileType = folder.assetcatalog; path = Assets.xcassets; sourceTree = "<group>"; };
		BF12F77A29798B4600DDF1DA /* Base */ = {isa = PBXFileReference; lastKnownFileType = file.storyboard; name = Base; path = Base.lproj/LaunchScreen.storyboard; sourceTree = "<group>"; };
		BF12F77C29798B4600DDF1DA /* Info.plist */ = {isa = PBXFileReference; lastKnownFileType = text.plist.xml; path = Info.plist; sourceTree = "<group>"; };
		BF12F78129798B4600DDF1DA /* ImageFeedTests.xctest */ = {isa = PBXFileReference; explicitFileType = wrapper.cfbundle; includeInIndex = 0; path = ImageFeedTests.xctest; sourceTree = BUILT_PRODUCTS_DIR; };
		BF12F78B29798B4600DDF1DA /* ImageFeedUITests.xctest */ = {isa = PBXFileReference; explicitFileType = wrapper.cfbundle; includeInIndex = 0; path = ImageFeedUITests.xctest; sourceTree = BUILT_PRODUCTS_DIR; };
		BF12F78F29798B4600DDF1DA /* ImageFeedUITests.swift */ = {isa = PBXFileReference; lastKnownFileType = sourcecode.swift; path = ImageFeedUITests.swift; sourceTree = "<group>"; };
		BF12F79129798B4600DDF1DA /* ImageFeedUITestsLaunchTests.swift */ = {isa = PBXFileReference; lastKnownFileType = sourcecode.swift; path = ImageFeedUITestsLaunchTests.swift; sourceTree = "<group>"; };
		BF2768FC2A37D3F000FEC62A /* Like.swift */ = {isa = PBXFileReference; lastKnownFileType = sourcecode.swift; path = Like.swift; sourceTree = "<group>"; };
		BF2769002A37D74A00FEC62A /* ImageListPresenter.swift */ = {isa = PBXFileReference; lastKnownFileType = sourcecode.swift; path = ImageListPresenter.swift; sourceTree = "<group>"; };
		BF2769022A387F4F00FEC62A /* ImageListViewControllerProtocol.swift */ = {isa = PBXFileReference; lastKnownFileType = sourcecode.swift; path = ImageListViewControllerProtocol.swift; sourceTree = "<group>"; };
		BF2769042A387F9A00FEC62A /* ImageListCellProtocol.swift */ = {isa = PBXFileReference; lastKnownFileType = sourcecode.swift; path = ImageListCellProtocol.swift; sourceTree = "<group>"; };
		BF2CDF962A19B35000C70E44 /* NetworkClient.swift */ = {isa = PBXFileReference; lastKnownFileType = sourcecode.swift; path = NetworkClient.swift; sourceTree = "<group>"; };
		BF2CDFA02A19CDD100C70E44 /* WebViewPresenter.swift */ = {isa = PBXFileReference; lastKnownFileType = sourcecode.swift; path = WebViewPresenter.swift; sourceTree = "<group>"; };
		BF2CDFA22A19CE0100C70E44 /* AuthHelper.swift */ = {isa = PBXFileReference; lastKnownFileType = sourcecode.swift; path = AuthHelper.swift; sourceTree = "<group>"; };
		BF2CDFA42A19CE4900C70E44 /* AuthConstants.swift */ = {isa = PBXFileReference; lastKnownFileType = sourcecode.swift; path = AuthConstants.swift; sourceTree = "<group>"; };
		BF2CDFA62A19DAA000C70E44 /* ProfileImageService.swift */ = {isa = PBXFileReference; lastKnownFileType = sourcecode.swift; path = ProfileImageService.swift; sourceTree = "<group>"; };
		BF2CDFA82A19DCAD00C70E44 /* ProfilePresenter.swift */ = {isa = PBXFileReference; lastKnownFileType = sourcecode.swift; path = ProfilePresenter.swift; sourceTree = "<group>"; };
		BF2CDFAA2A19E49E00C70E44 /* TabBarController.swift */ = {isa = PBXFileReference; lastKnownFileType = sourcecode.swift; path = TabBarController.swift; sourceTree = "<group>"; };
		BF2CDFAC2A19F95600C70E44 /* Profile.swift */ = {isa = PBXFileReference; lastKnownFileType = sourcecode.swift; path = Profile.swift; sourceTree = "<group>"; };
		BF2CDFAE2A19F9A000C70E44 /* Photo.swift */ = {isa = PBXFileReference; lastKnownFileType = sourcecode.swift; path = Photo.swift; sourceTree = "<group>"; };
		BF2CDFB02A19F9D700C70E44 /* URLs.swift */ = {isa = PBXFileReference; lastKnownFileType = sourcecode.swift; path = URLs.swift; sourceTree = "<group>"; };
		BF564266299464C00078DD4C /* ImagesListCell.swift */ = {isa = PBXFileReference; lastKnownFileType = sourcecode.swift; path = ImagesListCell.swift; sourceTree = "<group>"; };
		BF60617129B3F2E000070B98 /* OAuth2Service.swift */ = {isa = PBXFileReference; lastKnownFileType = sourcecode.swift; path = OAuth2Service.swift; sourceTree = "<group>"; };
		BF60617329B3F4CC00070B98 /* OAuth2TokenStorage.swift */ = {isa = PBXFileReference; lastKnownFileType = sourcecode.swift; path = OAuth2TokenStorage.swift; sourceTree = "<group>"; };
		BF6AFD652A3FB5CF0086C7E8 /* ProfileTests.swift */ = {isa = PBXFileReference; lastKnownFileType = sourcecode.swift; path = ProfileTests.swift; sourceTree = "<group>"; };
		BF6AFD672A3FB5F80086C7E8 /* ProfileViewControllerSpy.swift */ = {isa = PBXFileReference; lastKnownFileType = sourcecode.swift; path = ProfileViewControllerSpy.swift; sourceTree = "<group>"; };
		BF6AFD692A3FB61F0086C7E8 /* ProfilePresenterSpy.swift */ = {isa = PBXFileReference; lastKnownFileType = sourcecode.swift; path = ProfilePresenterSpy.swift; sourceTree = "<group>"; };
		BF6AFD702A3FBDE70086C7E8 /* ImageFeed.xctestplan */ = {isa = PBXFileReference; lastKnownFileType = text; path = ImageFeed.xctestplan; sourceTree = "<group>"; };
		BF6AFD712A3FC32F0086C7E8 /* AuthViewControllerDelegateProtocol.swift */ = {isa = PBXFileReference; lastKnownFileType = sourcecode.swift; path = AuthViewControllerDelegateProtocol.swift; sourceTree = "<group>"; };
		BF8656842A3FCDBD009B0EF5 /* Auth.swift */ = {isa = PBXFileReference; lastKnownFileType = sourcecode.swift; path = Auth.swift; sourceTree = "<group>"; };
		BF8656872A3FCF51009B0EF5 /* ImageListTests.swift */ = {isa = PBXFileReference; lastKnownFileType = sourcecode.swift; path = ImageListTests.swift; sourceTree = "<group>"; };
		BF8656892A3FCF99009B0EF5 /* ImageListViewControllerSpy.swift */ = {isa = PBXFileReference; lastKnownFileType = sourcecode.swift; path = ImageListViewControllerSpy.swift; sourceTree = "<group>"; };
		BF86568B2A3FD005009B0EF5 /* ImageListPresenterSpy.swift */ = {isa = PBXFileReference; lastKnownFileType = sourcecode.swift; path = ImageListPresenterSpy.swift; sourceTree = "<group>"; };
		BF86568E2A3FD149009B0EF5 /* WebViewTests.swift */ = {isa = PBXFileReference; lastKnownFileType = sourcecode.swift; path = WebViewTests.swift; sourceTree = "<group>"; };
		BF8656902A3FD16F009B0EF5 /* WebViewPresenterSpy.swift */ = {isa = PBXFileReference; lastKnownFileType = sourcecode.swift; path = WebViewPresenterSpy.swift; sourceTree = "<group>"; };
		BF8656922A3FD19C009B0EF5 /* WebViewViewControllerSpy.swift */ = {isa = PBXFileReference; lastKnownFileType = sourcecode.swift; path = WebViewViewControllerSpy.swift; sourceTree = "<group>"; };
		BF8656942A3FE19A009B0EF5 /* ProfileTestConstants.swift */ = {isa = PBXFileReference; lastKnownFileType = sourcecode.swift; path = ProfileTestConstants.swift; sourceTree = "<group>"; };
		BF8656962A40E74C009B0EF5 /* WebViewViewControllerProtocol.swift */ = {isa = PBXFileReference; lastKnownFileType = sourcecode.swift; path = WebViewViewControllerProtocol.swift; sourceTree = "<group>"; };
		BF9399502996ACEC006115E4 /* ProfileViewController.swift */ = {isa = PBXFileReference; lastKnownFileType = sourcecode.swift; path = ProfileViewController.swift; sourceTree = "<group>"; };
		BF93995229995446006115E4 /* SingleImageViewController.swift */ = {isa = PBXFileReference; lastKnownFileType = sourcecode.swift; path = SingleImageViewController.swift; sourceTree = "<group>"; };
		BF97447129AE487300BB09DB /* AuthViewController.swift */ = {isa = PBXFileReference; lastKnownFileType = sourcecode.swift; path = AuthViewController.swift; sourceTree = "<group>"; };
		BFA5DF572A388857000C3073 /* ProfileViewControllerProtocol.swift */ = {isa = PBXFileReference; lastKnownFileType = sourcecode.swift; path = ProfileViewControllerProtocol.swift; sourceTree = "<group>"; };
		BFA5DF592A3888A9000C3073 /* ProfilePresenterProtocol.swift */ = {isa = PBXFileReference; lastKnownFileType = sourcecode.swift; path = ProfilePresenterProtocol.swift; sourceTree = "<group>"; };
		BFA5DF5B2A388DF7000C3073 /* ImageListPresenterProtocol.swift */ = {isa = PBXFileReference; lastKnownFileType = sourcecode.swift; path = ImageListPresenterProtocol.swift; sourceTree = "<group>"; };
		BFC245A529BD32A50055646C /* ProfileService.swift */ = {isa = PBXFileReference; lastKnownFileType = sourcecode.swift; path = ProfileService.swift; sourceTree = "<group>"; };
		BFC245A729BE73F50055646C /* UIBlockingProgressHUD.swift */ = {isa = PBXFileReference; lastKnownFileType = sourcecode.swift; path = UIBlockingProgressHUD.swift; sourceTree = "<group>"; };
		BFC3CCBE29B41392008D0733 /* SplashViewController.swift */ = {isa = PBXFileReference; lastKnownFileType = sourcecode.swift; path = SplashViewController.swift; sourceTree = "<group>"; };
		BFD90FE82984AE1800889E4D /* UIColors+Extenshions.swift */ = {isa = PBXFileReference; lastKnownFileType = sourcecode.swift; path = "UIColors+Extenshions.swift"; sourceTree = "<group>"; };
		BFD9EA662A1D2D6D008386E6 /* ImagesListService.swift */ = {isa = PBXFileReference; lastKnownFileType = sourcecode.swift; path = ImagesListService.swift; sourceTree = "<group>"; };
		BFDCA48529EDEECB00B59411 /* YSDisplay-Bold.ttf */ = {isa = PBXFileReference; lastKnownFileType = file; path = "YSDisplay-Bold.ttf"; sourceTree = "<group>"; };
		BFDCA48729EDEEDF00B59411 /* YSDisplay-Medium.ttf */ = {isa = PBXFileReference; lastKnownFileType = file; path = "YSDisplay-Medium.ttf"; sourceTree = "<group>"; };
		BFDCA48929EDEEEB00B59411 /* YSDisplay-Regular.ttf */ = {isa = PBXFileReference; lastKnownFileType = file; path = "YSDisplay-Regular.ttf"; sourceTree = "<group>"; };
/* End PBXFileReference section */

/* Begin PBXFrameworksBuildPhase section */
		BF12F76829798B4500DDF1DA /* Frameworks */ = {
			isa = PBXFrameworksBuildPhase;
			buildActionMask = 2147483647;
			files = (
				BFC245AB29BE84220055646C /* Kingfisher in Frameworks */,
				BF3D981129BD3093001CA353 /* ProgressHUD in Frameworks */,
				BFDCA49329EDFAC700B59411 /* SwiftKeychainWrapper in Frameworks */,
			);
			runOnlyForDeploymentPostprocessing = 0;
		};
		BF12F77E29798B4600DDF1DA /* Frameworks */ = {
			isa = PBXFrameworksBuildPhase;
			buildActionMask = 2147483647;
			files = (
			);
			runOnlyForDeploymentPostprocessing = 0;
		};
		BF12F78829798B4600DDF1DA /* Frameworks */ = {
			isa = PBXFrameworksBuildPhase;
			buildActionMask = 2147483647;
			files = (
			);
			runOnlyForDeploymentPostprocessing = 0;
		};
/* End PBXFrameworksBuildPhase section */

/* Begin PBXGroup section */
		BF12F76229798B4500DDF1DA = {
			isa = PBXGroup;
			children = (
				BF6AFD702A3FBDE70086C7E8 /* ImageFeed.xctestplan */,
				BF12F76D29798B4500DDF1DA /* ImageFeed */,
				BF12F78429798B4600DDF1DA /* ImageFeedTests */,
				BF12F78E29798B4600DDF1DA /* ImageFeedUITests */,
				BF12F76C29798B4500DDF1DA /* Products */,
			);
			sourceTree = "<group>";
		};
		BF12F76C29798B4500DDF1DA /* Products */ = {
			isa = PBXGroup;
			children = (
				BF12F76B29798B4500DDF1DA /* ImageFeed.app */,
				BF12F78129798B4600DDF1DA /* ImageFeedTests.xctest */,
				BF12F78B29798B4600DDF1DA /* ImageFeedUITests.xctest */,
			);
			name = Products;
			sourceTree = "<group>";
		};
		BF12F76D29798B4500DDF1DA /* ImageFeed */ = {
			isa = PBXGroup;
			children = (
				BFDCA48429EDEDF000B59411 /* Helpers */,
				BFDCA48129EDEC2100B59411 /* Models */,
				BFDCA47E29EDEB4900B59411 /* Scenes */,
				BFDCA47D29EDEABB00B59411 /* Services */,
				BF936B93297F61B500C2124F /* Presentation */,
				BF936B94297F61C800C2124F /* Resources */,
				BF12F76E29798B4500DDF1DA /* AppDelegate.swift */,
				BF12F77029798B4500DDF1DA /* SceneDelegate.swift */,
			);
			path = ImageFeed;
			sourceTree = "<group>";
		};
		BF12F78429798B4600DDF1DA /* ImageFeedTests */ = {
			isa = PBXGroup;
			children = (
				BF86568D2A3FD0BD009B0EF5 /* WebViewTests */,
				BF8656862A3FCF06009B0EF5 /* ImageListTest */,
				BF6AFD642A3FB5B50086C7E8 /* ProfileTests */,
			);
			path = ImageFeedTests;
			sourceTree = "<group>";
		};
		BF12F78E29798B4600DDF1DA /* ImageFeedUITests */ = {
			isa = PBXGroup;
			children = (
				BF12F78F29798B4600DDF1DA /* ImageFeedUITests.swift */,
				BF12F79129798B4600DDF1DA /* ImageFeedUITestsLaunchTests.swift */,
				BF8656942A3FE19A009B0EF5 /* ProfileTestConstants.swift */,
			);
			path = ImageFeedUITests;
			sourceTree = "<group>";
		};
		BF564268299464E90078DD4C /* ImagesList */ = {
			isa = PBXGroup;
			children = (
				BF564266299464C00078DD4C /* ImagesListCell.swift */,
				BF12F77229798B4500DDF1DA /* ImagesListViewController.swift */,
				BFD9EA662A1D2D6D008386E6 /* ImagesListService.swift */,
				BF2769002A37D74A00FEC62A /* ImageListPresenter.swift */,
				BF2769022A387F4F00FEC62A /* ImageListViewControllerProtocol.swift */,
				BF2769042A387F9A00FEC62A /* ImageListCellProtocol.swift */,
				BFA5DF5B2A388DF7000C3073 /* ImageListPresenterProtocol.swift */,
			);
			path = ImagesList;
			sourceTree = "<group>";
		};
		BF67CEFE299967980038108A /* SingleImageView */ = {
			isa = PBXGroup;
			children = (
				BF93995229995446006115E4 /* SingleImageViewController.swift */,
			);
			path = SingleImageView;
			sourceTree = "<group>";
		};
		BF6AFD642A3FB5B50086C7E8 /* ProfileTests */ = {
			isa = PBXGroup;
			children = (
				BF6AFD652A3FB5CF0086C7E8 /* ProfileTests.swift */,
				BF6AFD672A3FB5F80086C7E8 /* ProfileViewControllerSpy.swift */,
				BF6AFD692A3FB61F0086C7E8 /* ProfilePresenterSpy.swift */,
			);
			path = ProfileTests;
			sourceTree = "<group>";
		};
		BF8656862A3FCF06009B0EF5 /* ImageListTest */ = {
			isa = PBXGroup;
			children = (
				BF8656872A3FCF51009B0EF5 /* ImageListTests.swift */,
				BF8656892A3FCF99009B0EF5 /* ImageListViewControllerSpy.swift */,
				BF86568B2A3FD005009B0EF5 /* ImageListPresenterSpy.swift */,
			);
			path = ImageListTest;
			sourceTree = "<group>";
		};
		BF86568D2A3FD0BD009B0EF5 /* WebViewTests */ = {
			isa = PBXGroup;
			children = (
				BF86568E2A3FD149009B0EF5 /* WebViewTests.swift */,
				BF8656902A3FD16F009B0EF5 /* WebViewPresenterSpy.swift */,
				BF8656922A3FD19C009B0EF5 /* WebViewViewControllerSpy.swift */,
			);
			path = WebViewTests;
			sourceTree = "<group>";
		};
		BF936B93297F61B500C2124F /* Presentation */ = {
			isa = PBXGroup;
			children = (
				BF12F77429798B4500DDF1DA /* Main.storyboard */,
				BF12F77929798B4600DDF1DA /* LaunchScreen.storyboard */,
			);
			path = Presentation;
			sourceTree = "<group>";
		};
		BF936B94297F61C800C2124F /* Resources */ = {
			isa = PBXGroup;
			children = (
				BFDCA48329EDED8C00B59411 /* Fonts */,
				BF12F77729798B4600DDF1DA /* Assets.xcassets */,
				BF12F77C29798B4600DDF1DA /* Info.plist */,
			);
			path = Resources;
			sourceTree = "<group>";
		};
		BFDCA47D29EDEABB00B59411 /* Services */ = {
			isa = PBXGroup;
			children = (
				BF60617129B3F2E000070B98 /* OAuth2Service.swift */,
				BF60617329B3F4CC00070B98 /* OAuth2TokenStorage.swift */,
				BFC245A529BD32A50055646C /* ProfileService.swift */,
				BF2CDF962A19B35000C70E44 /* NetworkClient.swift */,
				BF2CDFA62A19DAA000C70E44 /* ProfileImageService.swift */,
			);
			path = Services;
			sourceTree = "<group>";
		};
		BFDCA47E29EDEB4900B59411 /* Scenes */ = {
			isa = PBXGroup;
			children = (
				BF2CDFAA2A19E49E00C70E44 /* TabBarController.swift */,
				BFDCA48229EDED1000B59411 /* Profile */,
				BFDCA48029EDEB9A00B59411 /* ImageList */,
				BFDCA47F29EDEB5900B59411 /* Login */,
			);
			path = Scenes;
			sourceTree = "<group>";
		};
		BFDCA47F29EDEB5900B59411 /* Login */ = {
			isa = PBXGroup;
			children = (
				BF97447129AE487300BB09DB /* AuthViewController.swift */,
				BF10AD8129AE4F34003765F2 /* WebViewViewController.swift */,
				BFC3CCBE29B41392008D0733 /* SplashViewController.swift */,
				BF2CDFA02A19CDD100C70E44 /* WebViewPresenter.swift */,
				BF6AFD712A3FC32F0086C7E8 /* AuthViewControllerDelegateProtocol.swift */,
				BF8656962A40E74C009B0EF5 /* WebViewViewControllerProtocol.swift */,
			);
			path = Login;
			sourceTree = "<group>";
		};
		BFDCA48029EDEB9A00B59411 /* ImageList */ = {
			isa = PBXGroup;
			children = (
				BF564268299464E90078DD4C /* ImagesList */,
				BF67CEFE299967980038108A /* SingleImageView */,
			);
			path = ImageList;
			sourceTree = "<group>";
		};
		BFDCA48129EDEC2100B59411 /* Models */ = {
			isa = PBXGroup;
			children = (
				BF2CDFAC2A19F95600C70E44 /* Profile.swift */,
				BF2CDFAE2A19F9A000C70E44 /* Photo.swift */,
				BF2CDFB02A19F9D700C70E44 /* URLs.swift */,
				BF2768FC2A37D3F000FEC62A /* Like.swift */,
				BF8656842A3FCDBD009B0EF5 /* Auth.swift */,
			);
			path = Models;
			sourceTree = "<group>";
		};
		BFDCA48229EDED1000B59411 /* Profile */ = {
			isa = PBXGroup;
			children = (
				BF9399502996ACEC006115E4 /* ProfileViewController.swift */,
				BF2CDFA82A19DCAD00C70E44 /* ProfilePresenter.swift */,
				BFA5DF572A388857000C3073 /* ProfileViewControllerProtocol.swift */,
				BFA5DF592A3888A9000C3073 /* ProfilePresenterProtocol.swift */,
			);
			path = Profile;
			sourceTree = "<group>";
		};
		BFDCA48329EDED8C00B59411 /* Fonts */ = {
			isa = PBXGroup;
			children = (
				BFDCA48529EDEECB00B59411 /* YSDisplay-Bold.ttf */,
				BFDCA48729EDEEDF00B59411 /* YSDisplay-Medium.ttf */,
				BFDCA48929EDEEEB00B59411 /* YSDisplay-Regular.ttf */,
			);
			path = Fonts;
			sourceTree = "<group>";
		};
		BFDCA48429EDEDF000B59411 /* Helpers */ = {
			isa = PBXGroup;
			children = (
				BF2CDFA22A19CE0100C70E44 /* AuthHelper.swift */,
				BFD90FE82984AE1800889E4D /* UIColors+Extenshions.swift */,
				BFC245A729BE73F50055646C /* UIBlockingProgressHUD.swift */,
				BF2CDFA42A19CE4900C70E44 /* AuthConstants.swift */,
			);
			path = Helpers;
			sourceTree = "<group>";
		};
/* End PBXGroup section */

/* Begin PBXNativeTarget section */
		BF12F76A29798B4500DDF1DA /* ImageFeed */ = {
			isa = PBXNativeTarget;
			buildConfigurationList = BF12F79529798B4600DDF1DA /* Build configuration list for PBXNativeTarget "ImageFeed" */;
			buildPhases = (
				BF12F76729798B4500DDF1DA /* Sources */,
				BF12F76829798B4500DDF1DA /* Frameworks */,
				BF12F76929798B4500DDF1DA /* Resources */,
				BFD90FE12984271A00889E4D /* ShellScript */,
			);
			buildRules = (
			);
			dependencies = (
			);
			name = ImageFeed;
			packageProductDependencies = (
				BF3D981029BD3093001CA353 /* ProgressHUD */,
				BFC245AA29BE84220055646C /* Kingfisher */,
				BFDCA49229EDFAC700B59411 /* SwiftKeychainWrapper */,
			);
			productName = ImageFeed;
			productReference = BF12F76B29798B4500DDF1DA /* ImageFeed.app */;
			productType = "com.apple.product-type.application";
		};
		BF12F78029798B4600DDF1DA /* ImageFeedTests */ = {
			isa = PBXNativeTarget;
			buildConfigurationList = BF12F79829798B4600DDF1DA /* Build configuration list for PBXNativeTarget "ImageFeedTests" */;
			buildPhases = (
				BF12F77D29798B4600DDF1DA /* Sources */,
				BF12F77E29798B4600DDF1DA /* Frameworks */,
				BF12F77F29798B4600DDF1DA /* Resources */,
			);
			buildRules = (
			);
			dependencies = (
				BF12F78329798B4600DDF1DA /* PBXTargetDependency */,
			);
			name = ImageFeedTests;
			productName = ImageFeedTests;
			productReference = BF12F78129798B4600DDF1DA /* ImageFeedTests.xctest */;
			productType = "com.apple.product-type.bundle.unit-test";
		};
		BF12F78A29798B4600DDF1DA /* ImageFeedUITests */ = {
			isa = PBXNativeTarget;
			buildConfigurationList = BF12F79B29798B4600DDF1DA /* Build configuration list for PBXNativeTarget "ImageFeedUITests" */;
			buildPhases = (
				BF12F78729798B4600DDF1DA /* Sources */,
				BF12F78829798B4600DDF1DA /* Frameworks */,
				BF12F78929798B4600DDF1DA /* Resources */,
			);
			buildRules = (
			);
			dependencies = (
				BF12F78D29798B4600DDF1DA /* PBXTargetDependency */,
			);
			name = ImageFeedUITests;
			productName = ImageFeedUITests;
			productReference = BF12F78B29798B4600DDF1DA /* ImageFeedUITests.xctest */;
			productType = "com.apple.product-type.bundle.ui-testing";
		};
/* End PBXNativeTarget section */

/* Begin PBXProject section */
		BF12F76329798B4500DDF1DA /* Project object */ = {
			isa = PBXProject;
			attributes = {
				BuildIndependentTargetsInParallel = 1;
				LastSwiftUpdateCheck = 1420;
				LastUpgradeCheck = 1420;
				TargetAttributes = {
					BF12F76A29798B4500DDF1DA = {
						CreatedOnToolsVersion = 14.2;
					};
					BF12F78029798B4600DDF1DA = {
						CreatedOnToolsVersion = 14.2;
						TestTargetID = BF12F76A29798B4500DDF1DA;
					};
					BF12F78A29798B4600DDF1DA = {
						CreatedOnToolsVersion = 14.2;
						TestTargetID = BF12F76A29798B4500DDF1DA;
					};
				};
			};
			buildConfigurationList = BF12F76629798B4500DDF1DA /* Build configuration list for PBXProject "ImageFeed" */;
			compatibilityVersion = "Xcode 14.0";
			developmentRegion = en;
			hasScannedForEncodings = 0;
			knownRegions = (
				en,
				Base,
			);
			mainGroup = BF12F76229798B4500DDF1DA;
			packageReferences = (
				BF3D980F29BD3093001CA353 /* XCRemoteSwiftPackageReference "ProgressHUD" */,
				BFC245A929BE84220055646C /* XCRemoteSwiftPackageReference "Kingfisher" */,
				BFDCA49129EDFAC700B59411 /* XCRemoteSwiftPackageReference "SwiftKeychainWrapper" */,
			);
			productRefGroup = BF12F76C29798B4500DDF1DA /* Products */;
			projectDirPath = "";
			projectRoot = "";
			targets = (
				BF12F76A29798B4500DDF1DA /* ImageFeed */,
				BF12F78029798B4600DDF1DA /* ImageFeedTests */,
				BF12F78A29798B4600DDF1DA /* ImageFeedUITests */,
			);
		};
/* End PBXProject section */

/* Begin PBXResourcesBuildPhase section */
		BF12F76929798B4500DDF1DA /* Resources */ = {
			isa = PBXResourcesBuildPhase;
			buildActionMask = 2147483647;
			files = (
				BFDCA48A29EDEEEB00B59411 /* YSDisplay-Regular.ttf in Resources */,
				BF12F77B29798B4600DDF1DA /* LaunchScreen.storyboard in Resources */,
				BF12F77829798B4600DDF1DA /* Assets.xcassets in Resources */,
				BFDCA48629EDEECB00B59411 /* YSDisplay-Bold.ttf in Resources */,
				BFDCA48829EDEEDF00B59411 /* YSDisplay-Medium.ttf in Resources */,
				BF12F77629798B4500DDF1DA /* Main.storyboard in Resources */,
			);
			runOnlyForDeploymentPostprocessing = 0;
		};
		BF12F77F29798B4600DDF1DA /* Resources */ = {
			isa = PBXResourcesBuildPhase;
			buildActionMask = 2147483647;
			files = (
			);
			runOnlyForDeploymentPostprocessing = 0;
		};
		BF12F78929798B4600DDF1DA /* Resources */ = {
			isa = PBXResourcesBuildPhase;
			buildActionMask = 2147483647;
			files = (
			);
			runOnlyForDeploymentPostprocessing = 0;
		};
/* End PBXResourcesBuildPhase section */

/* Begin PBXShellScriptBuildPhase section */
		BFD90FE12984271A00889E4D /* ShellScript */ = {
			isa = PBXShellScriptBuildPhase;
			alwaysOutOfDate = 1;
			buildActionMask = 2147483647;
			files = (
			);
			inputFileListPaths = (
			);
			inputPaths = (
			);
			outputFileListPaths = (
			);
			outputPaths = (
			);
			runOnlyForDeploymentPostprocessing = 0;
			shellPath = /bin/sh;
			shellScript = "export PATH=\"$PATH:/opt/homebrew/bin\"\nif which swiftlint > /dev/null; then\n  swiftlint\nelse\n  echo \"warning: SwiftLint not installed, download from https://github.com/realm/SwiftLint\"\nfi\n";
		};
/* End PBXShellScriptBuildPhase section */

/* Begin PBXSourcesBuildPhase section */
		BF12F76729798B4500DDF1DA /* Sources */ = {
			isa = PBXSourcesBuildPhase;
			buildActionMask = 2147483647;
			files = (
				BFD9EA672A1D2D6D008386E6 /* ImagesListService.swift in Sources */,
				BF6AFD722A3FC32F0086C7E8 /* AuthViewControllerDelegateProtocol.swift in Sources */,
				BFA5DF5A2A3888A9000C3073 /* ProfilePresenterProtocol.swift in Sources */,
				BF2CDFB12A19F9D700C70E44 /* URLs.swift in Sources */,
				BF2769032A387F4F00FEC62A /* ImageListViewControllerProtocol.swift in Sources */,
				BF2CDFAF2A19F9A000C70E44 /* Photo.swift in Sources */,
				BF10AD8229AE4F34003765F2 /* WebViewViewController.swift in Sources */,
				BF8656852A3FCDBD009B0EF5 /* Auth.swift in Sources */,
				BF2768FD2A37D3F000FEC62A /* Like.swift in Sources */,
				BFA5DF582A388857000C3073 /* ProfileViewControllerProtocol.swift in Sources */,
				BFA5DF5C2A388DF7000C3073 /* ImageListPresenterProtocol.swift in Sources */,
				BFC245A629BD32A50055646C /* ProfileService.swift in Sources */,
				BF9399512996ACEC006115E4 /* ProfileViewController.swift in Sources */,
				BF2CDFAD2A19F95600C70E44 /* Profile.swift in Sources */,
				BF60617229B3F2E000070B98 /* OAuth2Service.swift in Sources */,
				BFD90FE92984AE1800889E4D /* UIColors+Extenshions.swift in Sources */,
				BF2CDFA32A19CE0100C70E44 /* AuthHelper.swift in Sources */,
				BF2769012A37D74A00FEC62A /* ImageListPresenter.swift in Sources */,
				BF2CDF972A19B35000C70E44 /* NetworkClient.swift in Sources */,
				BF12F77329798B4500DDF1DA /* ImagesListViewController.swift in Sources */,
				BFC3CCBF29B41392008D0733 /* SplashViewController.swift in Sources */,
				BF93995329995446006115E4 /* SingleImageViewController.swift in Sources */,
				BF2769052A387F9A00FEC62A /* ImageListCellProtocol.swift in Sources */,
				BF564267299464C00078DD4C /* ImagesListCell.swift in Sources */,
				BF2CDFA12A19CDD100C70E44 /* WebViewPresenter.swift in Sources */,
				BF12F76F29798B4500DDF1DA /* AppDelegate.swift in Sources */,
				BF2CDFAB2A19E49E00C70E44 /* TabBarController.swift in Sources */,
				BF8656972A40E74C009B0EF5 /* WebViewViewControllerProtocol.swift in Sources */,
				BF12F77129798B4500DDF1DA /* SceneDelegate.swift in Sources */,
				BF97447229AE487300BB09DB /* AuthViewController.swift in Sources */,
				BF60617429B3F4CC00070B98 /* OAuth2TokenStorage.swift in Sources */,
				BF2CDFA92A19DCAD00C70E44 /* ProfilePresenter.swift in Sources */,
				BF2CDFA72A19DAA000C70E44 /* ProfileImageService.swift in Sources */,
				BF2CDFA52A19CE4900C70E44 /* AuthConstants.swift in Sources */,
				BFC245A829BE73F50055646C /* UIBlockingProgressHUD.swift in Sources */,
			);
			runOnlyForDeploymentPostprocessing = 0;
		};
		BF12F77D29798B4600DDF1DA /* Sources */ = {
			isa = PBXSourcesBuildPhase;
			buildActionMask = 2147483647;
			files = (
				BF6AFD6A2A3FB61F0086C7E8 /* ProfilePresenterSpy.swift in Sources */,
				BF8656932A3FD19C009B0EF5 /* WebViewViewControllerSpy.swift in Sources */,
				BF8656912A3FD16F009B0EF5 /* WebViewPresenterSpy.swift in Sources */,
				BF86568F2A3FD149009B0EF5 /* WebViewTests.swift in Sources */,
				BF86568C2A3FD005009B0EF5 /* ImageListPresenterSpy.swift in Sources */,
				BF8656882A3FCF51009B0EF5 /* ImageListTests.swift in Sources */,
				BF86568A2A3FCF99009B0EF5 /* ImageListViewControllerSpy.swift in Sources */,
				BF6AFD662A3FB5CF0086C7E8 /* ProfileTests.swift in Sources */,
				BF6AFD682A3FB5F80086C7E8 /* ProfileViewControllerSpy.swift in Sources */,
			);
			runOnlyForDeploymentPostprocessing = 0;
		};
		BF12F78729798B4600DDF1DA /* Sources */ = {
			isa = PBXSourcesBuildPhase;
			buildActionMask = 2147483647;
			files = (
				BF12F79229798B4600DDF1DA /* ImageFeedUITestsLaunchTests.swift in Sources */,
				BF8656952A3FE19A009B0EF5 /* ProfileTestConstants.swift in Sources */,
				BF12F79029798B4600DDF1DA /* ImageFeedUITests.swift in Sources */,
			);
			runOnlyForDeploymentPostprocessing = 0;
		};
/* End PBXSourcesBuildPhase section */

/* Begin PBXTargetDependency section */
		BF12F78329798B4600DDF1DA /* PBXTargetDependency */ = {
			isa = PBXTargetDependency;
			target = BF12F76A29798B4500DDF1DA /* ImageFeed */;
			targetProxy = BF12F78229798B4600DDF1DA /* PBXContainerItemProxy */;
		};
		BF12F78D29798B4600DDF1DA /* PBXTargetDependency */ = {
			isa = PBXTargetDependency;
			target = BF12F76A29798B4500DDF1DA /* ImageFeed */;
			targetProxy = BF12F78C29798B4600DDF1DA /* PBXContainerItemProxy */;
		};
/* End PBXTargetDependency section */

/* Begin PBXVariantGroup section */
		BF12F77429798B4500DDF1DA /* Main.storyboard */ = {
			isa = PBXVariantGroup;
			children = (
				BF12F77529798B4500DDF1DA /* Base */,
			);
			name = Main.storyboard;
			sourceTree = "<group>";
		};
		BF12F77929798B4600DDF1DA /* LaunchScreen.storyboard */ = {
			isa = PBXVariantGroup;
			children = (
				BF12F77A29798B4600DDF1DA /* Base */,
			);
			name = LaunchScreen.storyboard;
			sourceTree = "<group>";
		};
/* End PBXVariantGroup section */

/* Begin XCBuildConfiguration section */
		BF12F79329798B4600DDF1DA /* Debug */ = {
			isa = XCBuildConfiguration;
			buildSettings = {
				ALWAYS_SEARCH_USER_PATHS = NO;
				CLANG_ANALYZER_NONNULL = YES;
				CLANG_ANALYZER_NUMBER_OBJECT_CONVERSION = YES_AGGRESSIVE;
				CLANG_CXX_LANGUAGE_STANDARD = "gnu++20";
				CLANG_ENABLE_MODULES = YES;
				CLANG_ENABLE_OBJC_ARC = YES;
				CLANG_ENABLE_OBJC_WEAK = YES;
				CLANG_WARN_BLOCK_CAPTURE_AUTORELEASING = YES;
				CLANG_WARN_BOOL_CONVERSION = YES;
				CLANG_WARN_COMMA = YES;
				CLANG_WARN_CONSTANT_CONVERSION = YES;
				CLANG_WARN_DEPRECATED_OBJC_IMPLEMENTATIONS = YES;
				CLANG_WARN_DIRECT_OBJC_ISA_USAGE = YES_ERROR;
				CLANG_WARN_DOCUMENTATION_COMMENTS = YES;
				CLANG_WARN_EMPTY_BODY = YES;
				CLANG_WARN_ENUM_CONVERSION = YES;
				CLANG_WARN_INFINITE_RECURSION = YES;
				CLANG_WARN_INT_CONVERSION = YES;
				CLANG_WARN_NON_LITERAL_NULL_CONVERSION = YES;
				CLANG_WARN_OBJC_IMPLICIT_RETAIN_SELF = YES;
				CLANG_WARN_OBJC_LITERAL_CONVERSION = YES;
				CLANG_WARN_OBJC_ROOT_CLASS = YES_ERROR;
				CLANG_WARN_QUOTED_INCLUDE_IN_FRAMEWORK_HEADER = YES;
				CLANG_WARN_RANGE_LOOP_ANALYSIS = YES;
				CLANG_WARN_STRICT_PROTOTYPES = YES;
				CLANG_WARN_SUSPICIOUS_MOVE = YES;
				CLANG_WARN_UNGUARDED_AVAILABILITY = YES_AGGRESSIVE;
				CLANG_WARN_UNREACHABLE_CODE = YES;
				CLANG_WARN__DUPLICATE_METHOD_MATCH = YES;
				COPY_PHASE_STRIP = NO;
				DEBUG_INFORMATION_FORMAT = dwarf;
				ENABLE_STRICT_OBJC_MSGSEND = YES;
				ENABLE_TESTABILITY = YES;
				GCC_C_LANGUAGE_STANDARD = gnu11;
				GCC_DYNAMIC_NO_PIC = NO;
				GCC_NO_COMMON_BLOCKS = YES;
				GCC_OPTIMIZATION_LEVEL = 0;
				GCC_PREPROCESSOR_DEFINITIONS = (
					"DEBUG=1",
					"$(inherited)",
				);
				GCC_WARN_64_TO_32_BIT_CONVERSION = YES;
				GCC_WARN_ABOUT_RETURN_TYPE = YES_ERROR;
				GCC_WARN_UNDECLARED_SELECTOR = YES;
				GCC_WARN_UNINITIALIZED_AUTOS = YES_AGGRESSIVE;
				GCC_WARN_UNUSED_FUNCTION = YES;
				GCC_WARN_UNUSED_VARIABLE = YES;
				IPHONEOS_DEPLOYMENT_TARGET = 13.0;
				MTL_ENABLE_DEBUG_INFO = INCLUDE_SOURCE;
				MTL_FAST_MATH = YES;
				ONLY_ACTIVE_ARCH = YES;
				SDKROOT = iphoneos;
				SWIFT_ACTIVE_COMPILATION_CONDITIONS = DEBUG;
				SWIFT_OPTIMIZATION_LEVEL = "-Onone";
			};
			name = Debug;
		};
		BF12F79429798B4600DDF1DA /* Release */ = {
			isa = XCBuildConfiguration;
			buildSettings = {
				ALWAYS_SEARCH_USER_PATHS = NO;
				CLANG_ANALYZER_NONNULL = YES;
				CLANG_ANALYZER_NUMBER_OBJECT_CONVERSION = YES_AGGRESSIVE;
				CLANG_CXX_LANGUAGE_STANDARD = "gnu++20";
				CLANG_ENABLE_MODULES = YES;
				CLANG_ENABLE_OBJC_ARC = YES;
				CLANG_ENABLE_OBJC_WEAK = YES;
				CLANG_WARN_BLOCK_CAPTURE_AUTORELEASING = YES;
				CLANG_WARN_BOOL_CONVERSION = YES;
				CLANG_WARN_COMMA = YES;
				CLANG_WARN_CONSTANT_CONVERSION = YES;
				CLANG_WARN_DEPRECATED_OBJC_IMPLEMENTATIONS = YES;
				CLANG_WARN_DIRECT_OBJC_ISA_USAGE = YES_ERROR;
				CLANG_WARN_DOCUMENTATION_COMMENTS = YES;
				CLANG_WARN_EMPTY_BODY = YES;
				CLANG_WARN_ENUM_CONVERSION = YES;
				CLANG_WARN_INFINITE_RECURSION = YES;
				CLANG_WARN_INT_CONVERSION = YES;
				CLANG_WARN_NON_LITERAL_NULL_CONVERSION = YES;
				CLANG_WARN_OBJC_IMPLICIT_RETAIN_SELF = YES;
				CLANG_WARN_OBJC_LITERAL_CONVERSION = YES;
				CLANG_WARN_OBJC_ROOT_CLASS = YES_ERROR;
				CLANG_WARN_QUOTED_INCLUDE_IN_FRAMEWORK_HEADER = YES;
				CLANG_WARN_RANGE_LOOP_ANALYSIS = YES;
				CLANG_WARN_STRICT_PROTOTYPES = YES;
				CLANG_WARN_SUSPICIOUS_MOVE = YES;
				CLANG_WARN_UNGUARDED_AVAILABILITY = YES_AGGRESSIVE;
				CLANG_WARN_UNREACHABLE_CODE = YES;
				CLANG_WARN__DUPLICATE_METHOD_MATCH = YES;
				COPY_PHASE_STRIP = NO;
				DEBUG_INFORMATION_FORMAT = "dwarf-with-dsym";
				ENABLE_NS_ASSERTIONS = NO;
				ENABLE_STRICT_OBJC_MSGSEND = YES;
				GCC_C_LANGUAGE_STANDARD = gnu11;
				GCC_NO_COMMON_BLOCKS = YES;
				GCC_WARN_64_TO_32_BIT_CONVERSION = YES;
				GCC_WARN_ABOUT_RETURN_TYPE = YES_ERROR;
				GCC_WARN_UNDECLARED_SELECTOR = YES;
				GCC_WARN_UNINITIALIZED_AUTOS = YES_AGGRESSIVE;
				GCC_WARN_UNUSED_FUNCTION = YES;
				GCC_WARN_UNUSED_VARIABLE = YES;
				IPHONEOS_DEPLOYMENT_TARGET = 13.0;
				MTL_ENABLE_DEBUG_INFO = NO;
				MTL_FAST_MATH = YES;
				SDKROOT = iphoneos;
				SWIFT_COMPILATION_MODE = wholemodule;
				SWIFT_OPTIMIZATION_LEVEL = "-O";
				VALIDATE_PRODUCT = YES;
			};
			name = Release;
		};
		BF12F79629798B4600DDF1DA /* Debug */ = {
			isa = XCBuildConfiguration;
			buildSettings = {
				ASSETCATALOG_COMPILER_APPICON_NAME = AppIcon;
				ASSETCATALOG_COMPILER_GLOBAL_ACCENT_COLOR_NAME = AccentColor;
				CODE_SIGN_STYLE = Automatic;
				CURRENT_PROJECT_VERSION = 1;
				DEVELOPMENT_TEAM = L3YSM8C354;
				GENERATE_INFOPLIST_FILE = YES;
				INFOPLIST_FILE = ImageFeed/Resources/Info.plist;
				INFOPLIST_KEY_UIApplicationSupportsIndirectInputEvents = YES;
				INFOPLIST_KEY_UILaunchStoryboardName = LaunchScreen;
				INFOPLIST_KEY_UIMainStoryboardFile = Main;
				INFOPLIST_KEY_UISupportedInterfaceOrientations = UIInterfaceOrientationPortrait;
				INFOPLIST_KEY_UISupportedInterfaceOrientations_iPad = UIInterfaceOrientationPortrait;
				IPHONEOS_DEPLOYMENT_TARGET = 13.0;
				LD_RUNPATH_SEARCH_PATHS = (
					"$(inherited)",
					"@executable_path/Frameworks",
				);
				MARKETING_VERSION = 1.0;
				PRODUCT_BUNDLE_IDENTIFIER = ru.Denis.Beliakov.practicum.ImageFeed;
				PRODUCT_NAME = "$(TARGET_NAME)";
				SUPPORTED_PLATFORMS = "iphoneos iphonesimulator";
				SUPPORTS_MACCATALYST = NO;
				SUPPORTS_MAC_DESIGNED_FOR_IPHONE_IPAD = NO;
				SWIFT_EMIT_LOC_STRINGS = YES;
				SWIFT_VERSION = 5.0;
				TARGETED_DEVICE_FAMILY = 1;
			};
			name = Debug;
		};
		BF12F79729798B4600DDF1DA /* Release */ = {
			isa = XCBuildConfiguration;
			buildSettings = {
				ASSETCATALOG_COMPILER_APPICON_NAME = AppIcon;
				ASSETCATALOG_COMPILER_GLOBAL_ACCENT_COLOR_NAME = AccentColor;
				CODE_SIGN_STYLE = Automatic;
				CURRENT_PROJECT_VERSION = 1;
				DEVELOPMENT_TEAM = L3YSM8C354;
				GENERATE_INFOPLIST_FILE = YES;
				INFOPLIST_FILE = ImageFeed/Resources/Info.plist;
				INFOPLIST_KEY_UIApplicationSupportsIndirectInputEvents = YES;
				INFOPLIST_KEY_UILaunchStoryboardName = LaunchScreen;
				INFOPLIST_KEY_UIMainStoryboardFile = Main;
				INFOPLIST_KEY_UISupportedInterfaceOrientations = UIInterfaceOrientationPortrait;
				INFOPLIST_KEY_UISupportedInterfaceOrientations_iPad = UIInterfaceOrientationPortrait;
				IPHONEOS_DEPLOYMENT_TARGET = 13.0;
				LD_RUNPATH_SEARCH_PATHS = (
					"$(inherited)",
					"@executable_path/Frameworks",
				);
				MARKETING_VERSION = 1.0;
				PRODUCT_BUNDLE_IDENTIFIER = ru.Denis.Beliakov.practicum.ImageFeed;
				PRODUCT_NAME = "$(TARGET_NAME)";
				SUPPORTED_PLATFORMS = "iphoneos iphonesimulator";
				SUPPORTS_MACCATALYST = NO;
				SUPPORTS_MAC_DESIGNED_FOR_IPHONE_IPAD = NO;
				SWIFT_EMIT_LOC_STRINGS = YES;
				SWIFT_VERSION = 5.0;
				TARGETED_DEVICE_FAMILY = 1;
			};
			name = Release;
		};
		BF12F79929798B4600DDF1DA /* Debug */ = {
			isa = XCBuildConfiguration;
			buildSettings = {
				ALWAYS_EMBED_SWIFT_STANDARD_LIBRARIES = YES;
				BUNDLE_LOADER = "$(TEST_HOST)";
				CODE_SIGN_STYLE = Automatic;
				CURRENT_PROJECT_VERSION = 1;
				DEVELOPMENT_TEAM = L3YSM8C354;
				GENERATE_INFOPLIST_FILE = YES;
				IPHONEOS_DEPLOYMENT_TARGET = 13.0;
				MARKETING_VERSION = 1.0;
				PRODUCT_BUNDLE_IDENTIFIER = ru.Denis.Beliakov.practicum.ImageFeedTests;
				PRODUCT_NAME = "$(TARGET_NAME)";
				SUPPORTED_PLATFORMS = "iphoneos iphonesimulator";
				SUPPORTS_MACCATALYST = NO;
				SUPPORTS_MAC_DESIGNED_FOR_IPHONE_IPAD = NO;
				SWIFT_EMIT_LOC_STRINGS = NO;
				SWIFT_VERSION = 5.0;
				TARGETED_DEVICE_FAMILY = 1;
				TEST_HOST = "$(BUILT_PRODUCTS_DIR)/ImageFeed.app/$(BUNDLE_EXECUTABLE_FOLDER_PATH)/ImageFeed";
			};
			name = Debug;
		};
		BF12F79A29798B4600DDF1DA /* Release */ = {
			isa = XCBuildConfiguration;
			buildSettings = {
				ALWAYS_EMBED_SWIFT_STANDARD_LIBRARIES = YES;
				BUNDLE_LOADER = "$(TEST_HOST)";
				CODE_SIGN_STYLE = Automatic;
				CURRENT_PROJECT_VERSION = 1;
				DEVELOPMENT_TEAM = L3YSM8C354;
				GENERATE_INFOPLIST_FILE = YES;
				IPHONEOS_DEPLOYMENT_TARGET = 13.0;
				MARKETING_VERSION = 1.0;
				PRODUCT_BUNDLE_IDENTIFIER = ru.Denis.Beliakov.practicum.ImageFeedTests;
				PRODUCT_NAME = "$(TARGET_NAME)";
				SUPPORTED_PLATFORMS = "iphoneos iphonesimulator";
				SUPPORTS_MACCATALYST = NO;
				SUPPORTS_MAC_DESIGNED_FOR_IPHONE_IPAD = NO;
				SWIFT_EMIT_LOC_STRINGS = NO;
				SWIFT_VERSION = 5.0;
				TARGETED_DEVICE_FAMILY = 1;
				TEST_HOST = "$(BUILT_PRODUCTS_DIR)/ImageFeed.app/$(BUNDLE_EXECUTABLE_FOLDER_PATH)/ImageFeed";
			};
			name = Release;
		};
		BF12F79C29798B4600DDF1DA /* Debug */ = {
			isa = XCBuildConfiguration;
			buildSettings = {
				ALWAYS_EMBED_SWIFT_STANDARD_LIBRARIES = YES;
				CODE_SIGN_STYLE = Automatic;
				CURRENT_PROJECT_VERSION = 1;
				DEVELOPMENT_TEAM = L3YSM8C354;
				GENERATE_INFOPLIST_FILE = YES;
				MARKETING_VERSION = 1.0;
				PRODUCT_BUNDLE_IDENTIFIER = ru.Denis.Beliakov.practicum.ImageFeedUITests;
				PRODUCT_NAME = "$(TARGET_NAME)";
				SUPPORTED_PLATFORMS = "iphoneos iphonesimulator";
				SUPPORTS_MACCATALYST = NO;
				SUPPORTS_MAC_DESIGNED_FOR_IPHONE_IPAD = NO;
				SWIFT_EMIT_LOC_STRINGS = NO;
				SWIFT_VERSION = 5.0;
				TARGETED_DEVICE_FAMILY = 1;
				TEST_TARGET_NAME = ImageFeed;
			};
			name = Debug;
		};
		BF12F79D29798B4600DDF1DA /* Release */ = {
			isa = XCBuildConfiguration;
			buildSettings = {
				ALWAYS_EMBED_SWIFT_STANDARD_LIBRARIES = YES;
				CODE_SIGN_STYLE = Automatic;
				CURRENT_PROJECT_VERSION = 1;
				DEVELOPMENT_TEAM = L3YSM8C354;
				GENERATE_INFOPLIST_FILE = YES;
				MARKETING_VERSION = 1.0;
				PRODUCT_BUNDLE_IDENTIFIER = ru.Denis.Beliakov.practicum.ImageFeedUITests;
				PRODUCT_NAME = "$(TARGET_NAME)";
				SUPPORTED_PLATFORMS = "iphoneos iphonesimulator";
				SUPPORTS_MACCATALYST = NO;
				SUPPORTS_MAC_DESIGNED_FOR_IPHONE_IPAD = NO;
				SWIFT_EMIT_LOC_STRINGS = NO;
				SWIFT_VERSION = 5.0;
				TARGETED_DEVICE_FAMILY = 1;
				TEST_TARGET_NAME = ImageFeed;
			};
			name = Release;
		};
/* End XCBuildConfiguration section */

/* Begin XCConfigurationList section */
		BF12F76629798B4500DDF1DA /* Build configuration list for PBXProject "ImageFeed" */ = {
			isa = XCConfigurationList;
			buildConfigurations = (
				BF12F79329798B4600DDF1DA /* Debug */,
				BF12F79429798B4600DDF1DA /* Release */,
			);
			defaultConfigurationIsVisible = 0;
			defaultConfigurationName = Release;
		};
		BF12F79529798B4600DDF1DA /* Build configuration list for PBXNativeTarget "ImageFeed" */ = {
			isa = XCConfigurationList;
			buildConfigurations = (
				BF12F79629798B4600DDF1DA /* Debug */,
				BF12F79729798B4600DDF1DA /* Release */,
			);
			defaultConfigurationIsVisible = 0;
			defaultConfigurationName = Release;
		};
		BF12F79829798B4600DDF1DA /* Build configuration list for PBXNativeTarget "ImageFeedTests" */ = {
			isa = XCConfigurationList;
			buildConfigurations = (
				BF12F79929798B4600DDF1DA /* Debug */,
				BF12F79A29798B4600DDF1DA /* Release */,
			);
			defaultConfigurationIsVisible = 0;
			defaultConfigurationName = Release;
		};
		BF12F79B29798B4600DDF1DA /* Build configuration list for PBXNativeTarget "ImageFeedUITests" */ = {
			isa = XCConfigurationList;
			buildConfigurations = (
				BF12F79C29798B4600DDF1DA /* Debug */,
				BF12F79D29798B4600DDF1DA /* Release */,
			);
			defaultConfigurationIsVisible = 0;
			defaultConfigurationName = Release;
		};
/* End XCConfigurationList section */

/* Begin XCRemoteSwiftPackageReference section */
		BF3D980F29BD3093001CA353 /* XCRemoteSwiftPackageReference "ProgressHUD" */ = {
			isa = XCRemoteSwiftPackageReference;
			repositoryURL = "https://github.com/relatedcode/ProgressHUD";
			requirement = {
				kind = upToNextMajorVersion;
				minimumVersion = 13.0.0;
			};
		};
		BFC245A929BE84220055646C /* XCRemoteSwiftPackageReference "Kingfisher" */ = {
			isa = XCRemoteSwiftPackageReference;
			repositoryURL = "https://github.com/onevcat/Kingfisher";
			requirement = {
				kind = upToNextMajorVersion;
				minimumVersion = 7.0.0;
			};
		};
		BFDCA49129EDFAC700B59411 /* XCRemoteSwiftPackageReference "SwiftKeychainWrapper" */ = {
			isa = XCRemoteSwiftPackageReference;
			repositoryURL = "https://github.com/jrendel/SwiftKeychainWrapper";
			requirement = {
				kind = upToNextMajorVersion;
				minimumVersion = 4.0.0;
			};
		};
/* End XCRemoteSwiftPackageReference section */

/* Begin XCSwiftPackageProductDependency section */
		BF3D981029BD3093001CA353 /* ProgressHUD */ = {
			isa = XCSwiftPackageProductDependency;
			package = BF3D980F29BD3093001CA353 /* XCRemoteSwiftPackageReference "ProgressHUD" */;
			productName = ProgressHUD;
		};
		BFC245AA29BE84220055646C /* Kingfisher */ = {
			isa = XCSwiftPackageProductDependency;
			package = BFC245A929BE84220055646C /* XCRemoteSwiftPackageReference "Kingfisher" */;
			productName = Kingfisher;
		};
		BFDCA49229EDFAC700B59411 /* SwiftKeychainWrapper */ = {
			isa = XCSwiftPackageProductDependency;
			package = BFDCA49129EDFAC700B59411 /* XCRemoteSwiftPackageReference "SwiftKeychainWrapper" */;
			productName = SwiftKeychainWrapper;
		};
/* End XCSwiftPackageProductDependency section */
	};
	rootObject = BF12F76329798B4500DDF1DA /* Project object */;
}
